// !$*UTF8*$!
{
	archiveVersion = 1;
	classes = {
	};
	objectVersion = 55;
	objects = {

/* Begin PBXBuildFile section */
		780D09B528028B7000454705 /* Combine.swift in Sources */ = {isa = PBXBuildFile; fileRef = 780D09B428028B7000454705 /* Combine.swift */; };
		780D09B82802908C00454705 /* Publisher.swift in Sources */ = {isa = PBXBuildFile; fileRef = 780D09B72802908C00454705 /* Publisher.swift */; };
		783A47F6281502A100DE244A /* Utility.swift in Sources */ = {isa = PBXBuildFile; fileRef = 783A47F5281502A100DE244A /* Utility.swift */; };
		783A47F9281503F500DE244A /* JokeModelTests.swift in Sources */ = {isa = PBXBuildFile; fileRef = 783A47F8281503F500DE244A /* JokeModelTests.swift */; };
		783A47FB2815417B00DE244A /* CoreData.swift in Sources */ = {isa = PBXBuildFile; fileRef = 783A47FA2815417B00DE244A /* CoreData.swift */; };
		783A480A28154D8C00DE244A /* CoreDataRepository.swift in Sources */ = {isa = PBXBuildFile; fileRef = 783A480928154D8C00DE244A /* CoreDataRepository.swift */; };
		783A4813281551DC00DE244A /* CoreDataUI.swift in Sources */ = {isa = PBXBuildFile; fileRef = 783A4812281551DC00DE244A /* CoreDataUI.swift */; };
		783A4815281551E500DE244A /* CoreDataViewController.swift in Sources */ = {isa = PBXBuildFile; fileRef = 783A4814281551E500DE244A /* CoreDataViewController.swift */; };
		783A4817281551EB00DE244A /* CoreDataViewModel.swift in Sources */ = {isa = PBXBuildFile; fileRef = 783A4816281551EB00DE244A /* CoreDataViewModel.swift */; };
		783A4819281552F200DE244A /* CoreDataItem.swift in Sources */ = {isa = PBXBuildFile; fileRef = 783A4818281552F200DE244A /* CoreDataItem.swift */; };
		78482225281BCEEA006CEF44 /* UserDefaultsTests.swift in Sources */ = {isa = PBXBuildFile; fileRef = 78482224281BCEEA006CEF44 /* UserDefaultsTests.swift */; };
		7859A2282815912200E0F08C /* UITextField+Publisher.swift in Sources */ = {isa = PBXBuildFile; fileRef = 7859A2272815912200E0F08C /* UITextField+Publisher.swift */; };
		7859A23328159F6100E0F08C /* Model.xcdatamodeld in Sources */ = {isa = PBXBuildFile; fileRef = 7859A23128159F6100E0F08C /* Model.xcdatamodeld */; };
		7859A23628159FA800E0F08C /* FruitEntity+CoreDataClass.swift in Sources */ = {isa = PBXBuildFile; fileRef = 7859A23428159FA800E0F08C /* FruitEntity+CoreDataClass.swift */; };
		7859A23728159FA800E0F08C /* FruitEntity+CoreDataProperties.swift in Sources */ = {isa = PBXBuildFile; fileRef = 7859A23528159FA800E0F08C /* FruitEntity+CoreDataProperties.swift */; };
		786071DE2813AA5C0074ECB8 /* UIView+Layout.swift in Sources */ = {isa = PBXBuildFile; fileRef = 786071DD2813AA5C0074ECB8 /* UIView+Layout.swift */; };
		7871EFE82813B308004E477D /* String+Util.swift in Sources */ = {isa = PBXBuildFile; fileRef = 7871EFE72813B308004E477D /* String+Util.swift */; };
		7871EFF12813CDB7004E477D /* FutureViewModel.swift in Sources */ = {isa = PBXBuildFile; fileRef = 7871EFF02813CDB7004E477D /* FutureViewModel.swift */; };
		7871EFF62813D1C6004E477D /* SubjuctViewController.swift in Sources */ = {isa = PBXBuildFile; fileRef = 7871EFF52813D1C6004E477D /* SubjuctViewController.swift */; };
		7871EFF82813D1CC004E477D /* SubjctViewModel.swift in Sources */ = {isa = PBXBuildFile; fileRef = 7871EFF72813D1CC004E477D /* SubjctViewModel.swift */; };
		7871EFFC2813DD3E004E477D /* JustViewController.swift in Sources */ = {isa = PBXBuildFile; fileRef = 7871EFFB2813DD3E004E477D /* JustViewController.swift */; };
		7871EFFE2813DD45004E477D /* JustViewModel.swift in Sources */ = {isa = PBXBuildFile; fileRef = 7871EFFD2813DD45004E477D /* JustViewModel.swift */; };
		788407D02814146700641E27 /* DeferredUI.swift in Sources */ = {isa = PBXBuildFile; fileRef = 788407CF2814146700641E27 /* DeferredUI.swift */; };
		788407D22814147100641E27 /* DeferredViewController.swift in Sources */ = {isa = PBXBuildFile; fileRef = 788407D12814147100641E27 /* DeferredViewController.swift */; };
		788407D42814147A00641E27 /* DeferredViewModel.swift in Sources */ = {isa = PBXBuildFile; fileRef = 788407D32814147A00641E27 /* DeferredViewModel.swift */; };
		788407D7281423DE00641E27 /* GetJoke.json in Resources */ = {isa = PBXBuildFile; fileRef = 788407D6281423DE00641E27 /* GetJoke.json */; };
		788407E7281424CA00641E27 /* RequestTests.swift in Sources */ = {isa = PBXBuildFile; fileRef = 788407E6281424CA00641E27 /* RequestTests.swift */; };
		78AAF056280AB40300BF0E3B /* Request.swift in Sources */ = {isa = PBXBuildFile; fileRef = 78AAF055280AB40300BF0E3B /* Request.swift */; };
		78AAF058280ABEE600BF0E3B /* URLRequest+Extension.swift in Sources */ = {isa = PBXBuildFile; fileRef = 78AAF057280ABEE600BF0E3B /* URLRequest+Extension.swift */; };
		78AAF05A280ABFCD00BF0E3B /* TestDataFetchRequest.swift in Sources */ = {isa = PBXBuildFile; fileRef = 78AAF059280ABFCD00BF0E3B /* TestDataFetchRequest.swift */; };
		78AAF05C280AC00400BF0E3B /* APIError.swift in Sources */ = {isa = PBXBuildFile; fileRef = 78AAF05B280AC00400BF0E3B /* APIError.swift */; };
		78AAF05E280AC43B00BF0E3B /* LocalRequest.swift in Sources */ = {isa = PBXBuildFile; fileRef = 78AAF05D280AC43B00BF0E3B /* LocalRequest.swift */; };
		78AAF060280AC47500BF0E3B /* DataStructure.swift in Sources */ = {isa = PBXBuildFile; fileRef = 78AAF05F280AC47500BF0E3B /* DataStructure.swift */; };
		78AAF062280AD6E200BF0E3B /* APIClient.swift in Sources */ = {isa = PBXBuildFile; fileRef = 78AAF061280AD6E200BF0E3B /* APIClient.swift */; };
		78AAF065280AD70800BF0E3B /* Logger.swift in Sources */ = {isa = PBXBuildFile; fileRef = 78AAF064280AD70800BF0E3B /* Logger.swift */; };
		78AAF068280AD88E00BF0E3B /* UserDefaultsStorage.swift in Sources */ = {isa = PBXBuildFile; fileRef = 78AAF067280AD88E00BF0E3B /* UserDefaultsStorage.swift */; };
		78AAF06B280AD8FE00BF0E3B /* UserDefaultKey.swift in Sources */ = {isa = PBXBuildFile; fileRef = 78AAF06A280AD8FE00BF0E3B /* UserDefaultKey.swift */; };
		78AAF06E280AD95E00BF0E3B /* PersistedDataHolder.swift in Sources */ = {isa = PBXBuildFile; fileRef = 78AAF06D280AD95E00BF0E3B /* PersistedDataHolder.swift */; };
		78AAF071280ADA3B00BF0E3B /* GetOnboardingFinishedRequest.swift in Sources */ = {isa = PBXBuildFile; fileRef = 78AAF070280ADA3B00BF0E3B /* GetOnboardingFinishedRequest.swift */; };
		78AAF073280ADA4800BF0E3B /* SetOnboardingFinishedRequest.swift in Sources */ = {isa = PBXBuildFile; fileRef = 78AAF072280ADA4800BF0E3B /* SetOnboardingFinishedRequest.swift */; };
		78AAF077280AFAFC00BF0E3B /* JokeGetRequest.swift in Sources */ = {isa = PBXBuildFile; fileRef = 78AAF076280AFAFC00BF0E3B /* JokeGetRequest.swift */; };
		78AAF079280AFB5E00BF0E3B /* JokeResponse.swift in Sources */ = {isa = PBXBuildFile; fileRef = 78AAF078280AFB5E00BF0E3B /* JokeResponse.swift */; };
		78AAF07C280B04F200BF0E3B /* Repository.swift in Sources */ = {isa = PBXBuildFile; fileRef = 78AAF07B280B04F200BF0E3B /* Repository.swift */; };
		78AAF07E280B0B2700BF0E3B /* ModelProtocol.swift in Sources */ = {isa = PBXBuildFile; fileRef = 78AAF07D280B0B2700BF0E3B /* ModelProtocol.swift */; };
		78AAF080280B0D1F00BF0E3B /* JokeModel.swift in Sources */ = {isa = PBXBuildFile; fileRef = 78AAF07F280B0D1F00BF0E3B /* JokeModel.swift */; };
		78AAF082280B100C00BF0E3B /* Model.swift in Sources */ = {isa = PBXBuildFile; fileRef = 78AAF081280B100C00BF0E3B /* Model.swift */; };
		78AAF084280B121B00BF0E3B /* Repos.swift in Sources */ = {isa = PBXBuildFile; fileRef = 78AAF083280B121B00BF0E3B /* Repos.swift */; };
		78CBE26527F31DA200DF1667 /* AppDelegate.swift in Sources */ = {isa = PBXBuildFile; fileRef = 78CBE26427F31DA200DF1667 /* AppDelegate.swift */; };
		78CBE26927F31DA200DF1667 /* HomeViewController.swift in Sources */ = {isa = PBXBuildFile; fileRef = 78CBE26827F31DA200DF1667 /* HomeViewController.swift */; };
		78CBE26E27F31DA500DF1667 /* Assets.xcassets in Resources */ = {isa = PBXBuildFile; fileRef = 78CBE26D27F31DA500DF1667 /* Assets.xcassets */; };
		78CBE27127F31DA500DF1667 /* LaunchScreen.storyboard in Resources */ = {isa = PBXBuildFile; fileRef = 78CBE26F27F31DA500DF1667 /* LaunchScreen.storyboard */; };
		78EC5F61280BB49E00C18DF5 /* MainFlowController.swift in Sources */ = {isa = PBXBuildFile; fileRef = 78EC5F60280BB49E00C18DF5 /* MainFlowController.swift */; };
		78EC5F65280BB4E700C18DF5 /* ViewModel.swift in Sources */ = {isa = PBXBuildFile; fileRef = 78EC5F64280BB4E700C18DF5 /* ViewModel.swift */; };
		78EC5F67280BB4EE00C18DF5 /* VCInjectable.swift in Sources */ = {isa = PBXBuildFile; fileRef = 78EC5F66280BB4EE00C18DF5 /* VCInjectable.swift */; };
		78EC5F69280BB4F800C18DF5 /* UserInterface.swift in Sources */ = {isa = PBXBuildFile; fileRef = 78EC5F68280BB4F800C18DF5 /* UserInterface.swift */; };
		78EC5F6B280BB50000C18DF5 /* FlowController.swift in Sources */ = {isa = PBXBuildFile; fileRef = 78EC5F6A280BB50000C18DF5 /* FlowController.swift */; };
		78EC5F6D280BB57B00C18DF5 /* UIViewController+Container.swift in Sources */ = {isa = PBXBuildFile; fileRef = 78EC5F6C280BB57B00C18DF5 /* UIViewController+Container.swift */; };
		78EC5F70280BB66000C18DF5 /* APIViewController.swift in Sources */ = {isa = PBXBuildFile; fileRef = 78EC5F6F280BB66000C18DF5 /* APIViewController.swift */; };
		78EC5F73280BB6AA00C18DF5 /* HomeFlowController.swift in Sources */ = {isa = PBXBuildFile; fileRef = 78EC5F72280BB6AA00C18DF5 /* HomeFlowController.swift */; };
		78EC5F78280BB7C400C18DF5 /* AppFlowController.swift in Sources */ = {isa = PBXBuildFile; fileRef = 78EC5F77280BB7C400C18DF5 /* AppFlowController.swift */; };
		78EC5F7B280BB9E700C18DF5 /* NavigationController.swift in Sources */ = {isa = PBXBuildFile; fileRef = 78EC5F7A280BB9E700C18DF5 /* NavigationController.swift */; };
		78EC5F7D280BB9EF00C18DF5 /* TabBarController.swift in Sources */ = {isa = PBXBuildFile; fileRef = 78EC5F7C280BB9EF00C18DF5 /* TabBarController.swift */; };
		78EC5F7F280BBB2300C18DF5 /* ViewControllers.swift in Sources */ = {isa = PBXBuildFile; fileRef = 78EC5F7E280BBB2300C18DF5 /* ViewControllers.swift */; };
		78EC5F85280BBC6000C18DF5 /* FutureViewController.swift in Sources */ = {isa = PBXBuildFile; fileRef = 78EC5F84280BBC6000C18DF5 /* FutureViewController.swift */; };
		78EC5F87280BBD8B00C18DF5 /* AppDataHolder.swift in Sources */ = {isa = PBXBuildFile; fileRef = 78EC5F86280BBD8B00C18DF5 /* AppDataHolder.swift */; };
		78EC5F89280BBF3700C18DF5 /* FutureUI.swift in Sources */ = {isa = PBXBuildFile; fileRef = 78EC5F88280BBF3700C18DF5 /* FutureUI.swift */; };
		78EC5F8B280BC2FE00C18DF5 /* UIControl+Publisher.swift in Sources */ = {isa = PBXBuildFile; fileRef = 78EC5F8A280BC2FE00C18DF5 /* UIControl+Publisher.swift */; };
		78EC5F8D280BC7B500C18DF5 /* APIUI.swift in Sources */ = {isa = PBXBuildFile; fileRef = 78EC5F8C280BC7B500C18DF5 /* APIUI.swift */; };
		78EC5F8F280BC8C700C18DF5 /* APIViewModel.swift in Sources */ = {isa = PBXBuildFile; fileRef = 78EC5F8E280BC8C700C18DF5 /* APIViewModel.swift */; };
		78EC5F91280BC90300C18DF5 /* LoadingState.swift in Sources */ = {isa = PBXBuildFile; fileRef = 78EC5F90280BC90300C18DF5 /* LoadingState.swift */; };
		78EC5F93280C25D200C18DF5 /* DEBUG_Item.swift in Sources */ = {isa = PBXBuildFile; fileRef = 78EC5F92280C25D200C18DF5 /* DEBUG_Item.swift */; };
		78EC5F97280C272200C18DF5 /* DEBUG_FlowController.swift in Sources */ = {isa = PBXBuildFile; fileRef = 78EC5F96280C272200C18DF5 /* DEBUG_FlowController.swift */; };
		78EC5F99280C272F00C18DF5 /* DEBUG_UI.swift in Sources */ = {isa = PBXBuildFile; fileRef = 78EC5F98280C272F00C18DF5 /* DEBUG_UI.swift */; };
		78EC5F9B280C273800C18DF5 /* DEBUG_ViewController.swift in Sources */ = {isa = PBXBuildFile; fileRef = 78EC5F9A280C273800C18DF5 /* DEBUG_ViewController.swift */; };
/* End PBXBuildFile section */

/* Begin PBXContainerItemProxy section */
		788407E02814247D00641E27 /* PBXContainerItemProxy */ = {
			isa = PBXContainerItemProxy;
			containerPortal = 78CBE25927F31DA200DF1667 /* Project object */;
			proxyType = 1;
			remoteGlobalIDString = 78CBE26027F31DA200DF1667;
			remoteInfo = SwiftCombine;
		};
/* End PBXContainerItemProxy section */

/* Begin PBXFileReference section */
		780D09B428028B7000454705 /* Combine.swift */ = {isa = PBXFileReference; lastKnownFileType = sourcecode.swift; path = Combine.swift; sourceTree = "<group>"; };
		780D09B72802908C00454705 /* Publisher.swift */ = {isa = PBXFileReference; lastKnownFileType = sourcecode.swift; path = Publisher.swift; sourceTree = "<group>"; };
		783A47F5281502A100DE244A /* Utility.swift */ = {isa = PBXFileReference; lastKnownFileType = sourcecode.swift; path = Utility.swift; sourceTree = "<group>"; };
		783A47F8281503F500DE244A /* JokeModelTests.swift */ = {isa = PBXFileReference; lastKnownFileType = sourcecode.swift; path = JokeModelTests.swift; sourceTree = "<group>"; };
		783A47FA2815417B00DE244A /* CoreData.swift */ = {isa = PBXFileReference; lastKnownFileType = sourcecode.swift; path = CoreData.swift; sourceTree = "<group>"; };
		783A480928154D8C00DE244A /* CoreDataRepository.swift */ = {isa = PBXFileReference; lastKnownFileType = sourcecode.swift; path = CoreDataRepository.swift; sourceTree = "<group>"; };
		783A4812281551DC00DE244A /* CoreDataUI.swift */ = {isa = PBXFileReference; lastKnownFileType = sourcecode.swift; path = CoreDataUI.swift; sourceTree = "<group>"; };
		783A4814281551E500DE244A /* CoreDataViewController.swift */ = {isa = PBXFileReference; lastKnownFileType = sourcecode.swift; path = CoreDataViewController.swift; sourceTree = "<group>"; };
		783A4816281551EB00DE244A /* CoreDataViewModel.swift */ = {isa = PBXFileReference; lastKnownFileType = sourcecode.swift; path = CoreDataViewModel.swift; sourceTree = "<group>"; };
		783A4818281552F200DE244A /* CoreDataItem.swift */ = {isa = PBXFileReference; lastKnownFileType = sourcecode.swift; path = CoreDataItem.swift; sourceTree = "<group>"; };
		78482224281BCEEA006CEF44 /* UserDefaultsTests.swift */ = {isa = PBXFileReference; lastKnownFileType = sourcecode.swift; path = UserDefaultsTests.swift; sourceTree = "<group>"; };
		7859A2272815912200E0F08C /* UITextField+Publisher.swift */ = {isa = PBXFileReference; lastKnownFileType = sourcecode.swift; path = "UITextField+Publisher.swift"; sourceTree = "<group>"; };
		7859A23228159F6100E0F08C /* Model.xcdatamodel */ = {isa = PBXFileReference; lastKnownFileType = wrapper.xcdatamodel; path = Model.xcdatamodel; sourceTree = "<group>"; };
		7859A23428159FA800E0F08C /* FruitEntity+CoreDataClass.swift */ = {isa = PBXFileReference; lastKnownFileType = sourcecode.swift; path = "FruitEntity+CoreDataClass.swift"; sourceTree = SOURCE_ROOT; };
		7859A23528159FA800E0F08C /* FruitEntity+CoreDataProperties.swift */ = {isa = PBXFileReference; lastKnownFileType = sourcecode.swift; path = "FruitEntity+CoreDataProperties.swift"; sourceTree = SOURCE_ROOT; };
		786071DD2813AA5C0074ECB8 /* UIView+Layout.swift */ = {isa = PBXFileReference; lastKnownFileType = sourcecode.swift; path = "UIView+Layout.swift"; sourceTree = "<group>"; };
		7871EFE72813B308004E477D /* String+Util.swift */ = {isa = PBXFileReference; lastKnownFileType = sourcecode.swift; path = "String+Util.swift"; sourceTree = "<group>"; };
		7871EFF02813CDB7004E477D /* FutureViewModel.swift */ = {isa = PBXFileReference; lastKnownFileType = sourcecode.swift; path = FutureViewModel.swift; sourceTree = "<group>"; };
		7871EFF52813D1C6004E477D /* SubjuctViewController.swift */ = {isa = PBXFileReference; lastKnownFileType = sourcecode.swift; path = SubjuctViewController.swift; sourceTree = "<group>"; };
		7871EFF72813D1CC004E477D /* SubjctViewModel.swift */ = {isa = PBXFileReference; lastKnownFileType = sourcecode.swift; path = SubjctViewModel.swift; sourceTree = "<group>"; };
		7871EFFB2813DD3E004E477D /* JustViewController.swift */ = {isa = PBXFileReference; lastKnownFileType = sourcecode.swift; path = JustViewController.swift; sourceTree = "<group>"; };
		7871EFFD2813DD45004E477D /* JustViewModel.swift */ = {isa = PBXFileReference; lastKnownFileType = sourcecode.swift; path = JustViewModel.swift; sourceTree = "<group>"; };
		788407CF2814146700641E27 /* DeferredUI.swift */ = {isa = PBXFileReference; lastKnownFileType = sourcecode.swift; path = DeferredUI.swift; sourceTree = "<group>"; };
		788407D12814147100641E27 /* DeferredViewController.swift */ = {isa = PBXFileReference; lastKnownFileType = sourcecode.swift; path = DeferredViewController.swift; sourceTree = "<group>"; };
		788407D32814147A00641E27 /* DeferredViewModel.swift */ = {isa = PBXFileReference; lastKnownFileType = sourcecode.swift; path = DeferredViewModel.swift; sourceTree = "<group>"; };
		788407D6281423DE00641E27 /* GetJoke.json */ = {isa = PBXFileReference; lastKnownFileType = text.json; path = GetJoke.json; sourceTree = "<group>"; };
		788407DC2814247D00641E27 /* SwiftCombineTests.xctest */ = {isa = PBXFileReference; explicitFileType = wrapper.cfbundle; includeInIndex = 0; path = SwiftCombineTests.xctest; sourceTree = BUILT_PRODUCTS_DIR; };
		788407E6281424CA00641E27 /* RequestTests.swift */ = {isa = PBXFileReference; lastKnownFileType = sourcecode.swift; path = RequestTests.swift; sourceTree = "<group>"; };
		78AAF055280AB40300BF0E3B /* Request.swift */ = {isa = PBXFileReference; lastKnownFileType = sourcecode.swift; path = Request.swift; sourceTree = "<group>"; };
		78AAF057280ABEE600BF0E3B /* URLRequest+Extension.swift */ = {isa = PBXFileReference; lastKnownFileType = sourcecode.swift; path = "URLRequest+Extension.swift"; sourceTree = "<group>"; };
		78AAF059280ABFCD00BF0E3B /* TestDataFetchRequest.swift */ = {isa = PBXFileReference; lastKnownFileType = sourcecode.swift; path = TestDataFetchRequest.swift; sourceTree = "<group>"; };
		78AAF05B280AC00400BF0E3B /* APIError.swift */ = {isa = PBXFileReference; lastKnownFileType = sourcecode.swift; path = APIError.swift; sourceTree = "<group>"; };
		78AAF05D280AC43B00BF0E3B /* LocalRequest.swift */ = {isa = PBXFileReference; lastKnownFileType = sourcecode.swift; path = LocalRequest.swift; sourceTree = "<group>"; };
		78AAF05F280AC47500BF0E3B /* DataStructure.swift */ = {isa = PBXFileReference; lastKnownFileType = sourcecode.swift; path = DataStructure.swift; sourceTree = "<group>"; };
		78AAF061280AD6E200BF0E3B /* APIClient.swift */ = {isa = PBXFileReference; lastKnownFileType = sourcecode.swift; path = APIClient.swift; sourceTree = "<group>"; };
		78AAF064280AD70800BF0E3B /* Logger.swift */ = {isa = PBXFileReference; lastKnownFileType = sourcecode.swift; path = Logger.swift; sourceTree = "<group>"; };
		78AAF067280AD88E00BF0E3B /* UserDefaultsStorage.swift */ = {isa = PBXFileReference; lastKnownFileType = sourcecode.swift; path = UserDefaultsStorage.swift; sourceTree = "<group>"; };
		78AAF06A280AD8FE00BF0E3B /* UserDefaultKey.swift */ = {isa = PBXFileReference; lastKnownFileType = sourcecode.swift; path = UserDefaultKey.swift; sourceTree = "<group>"; };
		78AAF06D280AD95E00BF0E3B /* PersistedDataHolder.swift */ = {isa = PBXFileReference; lastKnownFileType = sourcecode.swift; path = PersistedDataHolder.swift; sourceTree = "<group>"; };
		78AAF070280ADA3B00BF0E3B /* GetOnboardingFinishedRequest.swift */ = {isa = PBXFileReference; lastKnownFileType = sourcecode.swift; path = GetOnboardingFinishedRequest.swift; sourceTree = "<group>"; };
		78AAF072280ADA4800BF0E3B /* SetOnboardingFinishedRequest.swift */ = {isa = PBXFileReference; lastKnownFileType = sourcecode.swift; path = SetOnboardingFinishedRequest.swift; sourceTree = "<group>"; };
		78AAF076280AFAFC00BF0E3B /* JokeGetRequest.swift */ = {isa = PBXFileReference; lastKnownFileType = sourcecode.swift; path = JokeGetRequest.swift; sourceTree = "<group>"; };
		78AAF078280AFB5E00BF0E3B /* JokeResponse.swift */ = {isa = PBXFileReference; lastKnownFileType = sourcecode.swift; path = JokeResponse.swift; sourceTree = "<group>"; };
		78AAF07B280B04F200BF0E3B /* Repository.swift */ = {isa = PBXFileReference; lastKnownFileType = sourcecode.swift; path = Repository.swift; sourceTree = "<group>"; };
		78AAF07D280B0B2700BF0E3B /* ModelProtocol.swift */ = {isa = PBXFileReference; lastKnownFileType = sourcecode.swift; path = ModelProtocol.swift; sourceTree = "<group>"; };
		78AAF07F280B0D1F00BF0E3B /* JokeModel.swift */ = {isa = PBXFileReference; lastKnownFileType = sourcecode.swift; path = JokeModel.swift; sourceTree = "<group>"; };
		78AAF081280B100C00BF0E3B /* Model.swift */ = {isa = PBXFileReference; lastKnownFileType = sourcecode.swift; path = Model.swift; sourceTree = "<group>"; };
		78AAF083280B121B00BF0E3B /* Repos.swift */ = {isa = PBXFileReference; lastKnownFileType = sourcecode.swift; path = Repos.swift; sourceTree = "<group>"; };
		78CBE26127F31DA200DF1667 /* SwiftCombine.app */ = {isa = PBXFileReference; explicitFileType = wrapper.application; includeInIndex = 0; path = SwiftCombine.app; sourceTree = BUILT_PRODUCTS_DIR; };
		78CBE26427F31DA200DF1667 /* AppDelegate.swift */ = {isa = PBXFileReference; lastKnownFileType = sourcecode.swift; path = AppDelegate.swift; sourceTree = "<group>"; };
		78CBE26827F31DA200DF1667 /* HomeViewController.swift */ = {isa = PBXFileReference; lastKnownFileType = sourcecode.swift; path = HomeViewController.swift; sourceTree = "<group>"; };
		78CBE26D27F31DA500DF1667 /* Assets.xcassets */ = {isa = PBXFileReference; lastKnownFileType = folder.assetcatalog; path = Assets.xcassets; sourceTree = "<group>"; };
		78CBE27027F31DA500DF1667 /* Base */ = {isa = PBXFileReference; lastKnownFileType = file.storyboard; name = Base; path = Base.lproj/LaunchScreen.storyboard; sourceTree = "<group>"; };
		78CBE27227F31DA500DF1667 /* Info.plist */ = {isa = PBXFileReference; lastKnownFileType = text.plist.xml; path = Info.plist; sourceTree = "<group>"; };
		78EC5F60280BB49E00C18DF5 /* MainFlowController.swift */ = {isa = PBXFileReference; lastKnownFileType = sourcecode.swift; path = MainFlowController.swift; sourceTree = "<group>"; };
		78EC5F64280BB4E700C18DF5 /* ViewModel.swift */ = {isa = PBXFileReference; lastKnownFileType = sourcecode.swift; path = ViewModel.swift; sourceTree = "<group>"; };
		78EC5F66280BB4EE00C18DF5 /* VCInjectable.swift */ = {isa = PBXFileReference; lastKnownFileType = sourcecode.swift; path = VCInjectable.swift; sourceTree = "<group>"; };
		78EC5F68280BB4F800C18DF5 /* UserInterface.swift */ = {isa = PBXFileReference; lastKnownFileType = sourcecode.swift; path = UserInterface.swift; sourceTree = "<group>"; };
		78EC5F6A280BB50000C18DF5 /* FlowController.swift */ = {isa = PBXFileReference; lastKnownFileType = sourcecode.swift; path = FlowController.swift; sourceTree = "<group>"; };
		78EC5F6C280BB57B00C18DF5 /* UIViewController+Container.swift */ = {isa = PBXFileReference; lastKnownFileType = sourcecode.swift; path = "UIViewController+Container.swift"; sourceTree = "<group>"; };
		78EC5F6F280BB66000C18DF5 /* APIViewController.swift */ = {isa = PBXFileReference; lastKnownFileType = sourcecode.swift; path = APIViewController.swift; sourceTree = "<group>"; };
		78EC5F72280BB6AA00C18DF5 /* HomeFlowController.swift */ = {isa = PBXFileReference; lastKnownFileType = sourcecode.swift; path = HomeFlowController.swift; sourceTree = "<group>"; };
		78EC5F77280BB7C400C18DF5 /* AppFlowController.swift */ = {isa = PBXFileReference; lastKnownFileType = sourcecode.swift; path = AppFlowController.swift; sourceTree = "<group>"; };
		78EC5F7A280BB9E700C18DF5 /* NavigationController.swift */ = {isa = PBXFileReference; lastKnownFileType = sourcecode.swift; path = NavigationController.swift; sourceTree = "<group>"; };
		78EC5F7C280BB9EF00C18DF5 /* TabBarController.swift */ = {isa = PBXFileReference; lastKnownFileType = sourcecode.swift; path = TabBarController.swift; sourceTree = "<group>"; };
		78EC5F7E280BBB2300C18DF5 /* ViewControllers.swift */ = {isa = PBXFileReference; lastKnownFileType = sourcecode.swift; path = ViewControllers.swift; sourceTree = "<group>"; };
		78EC5F84280BBC6000C18DF5 /* FutureViewController.swift */ = {isa = PBXFileReference; lastKnownFileType = sourcecode.swift; path = FutureViewController.swift; sourceTree = "<group>"; };
		78EC5F86280BBD8B00C18DF5 /* AppDataHolder.swift */ = {isa = PBXFileReference; lastKnownFileType = sourcecode.swift; path = AppDataHolder.swift; sourceTree = "<group>"; };
		78EC5F88280BBF3700C18DF5 /* FutureUI.swift */ = {isa = PBXFileReference; lastKnownFileType = sourcecode.swift; path = FutureUI.swift; sourceTree = "<group>"; };
		78EC5F8A280BC2FE00C18DF5 /* UIControl+Publisher.swift */ = {isa = PBXFileReference; lastKnownFileType = sourcecode.swift; path = "UIControl+Publisher.swift"; sourceTree = "<group>"; };
		78EC5F8C280BC7B500C18DF5 /* APIUI.swift */ = {isa = PBXFileReference; lastKnownFileType = sourcecode.swift; path = APIUI.swift; sourceTree = "<group>"; };
		78EC5F8E280BC8C700C18DF5 /* APIViewModel.swift */ = {isa = PBXFileReference; lastKnownFileType = sourcecode.swift; path = APIViewModel.swift; sourceTree = "<group>"; };
		78EC5F90280BC90300C18DF5 /* LoadingState.swift */ = {isa = PBXFileReference; lastKnownFileType = sourcecode.swift; path = LoadingState.swift; sourceTree = "<group>"; };
		78EC5F92280C25D200C18DF5 /* DEBUG_Item.swift */ = {isa = PBXFileReference; lastKnownFileType = sourcecode.swift; path = DEBUG_Item.swift; sourceTree = "<group>"; };
		78EC5F96280C272200C18DF5 /* DEBUG_FlowController.swift */ = {isa = PBXFileReference; lastKnownFileType = sourcecode.swift; path = DEBUG_FlowController.swift; sourceTree = "<group>"; };
		78EC5F98280C272F00C18DF5 /* DEBUG_UI.swift */ = {isa = PBXFileReference; lastKnownFileType = sourcecode.swift; path = DEBUG_UI.swift; sourceTree = "<group>"; };
		78EC5F9A280C273800C18DF5 /* DEBUG_ViewController.swift */ = {isa = PBXFileReference; lastKnownFileType = sourcecode.swift; path = DEBUG_ViewController.swift; sourceTree = "<group>"; };
/* End PBXFileReference section */

/* Begin PBXFrameworksBuildPhase section */
		788407D92814247D00641E27 /* Frameworks */ = {
			isa = PBXFrameworksBuildPhase;
			buildActionMask = 2147483647;
			files = (
			);
			runOnlyForDeploymentPostprocessing = 0;
		};
		78CBE25E27F31DA200DF1667 /* Frameworks */ = {
			isa = PBXFrameworksBuildPhase;
			buildActionMask = 2147483647;
			files = (
			);
			runOnlyForDeploymentPostprocessing = 0;
		};
/* End PBXFrameworksBuildPhase section */

/* Begin PBXGroup section */
		780D09AE28016C4F00454705 /* Resource */ = {
			isa = PBXGroup;
			children = (
				78CBE26D27F31DA500DF1667 /* Assets.xcassets */,
				78EC5F7E280BBB2300C18DF5 /* ViewControllers.swift */,
			);
			path = Resource;
			sourceTree = "<group>";
		};
		780D09AF28016C5900454705 /* Screen */ = {
			isa = PBXGroup;
			children = (
				7871EFEE2813BBEB004E477D /* Flow */,
				780D09B028016C6400454705 /* Launch */,
				78EC5F6E280BB65600C18DF5 /* API */,
				783A4811281551C400DE244A /* CoreData */,
				78EC5F80280BBC4300C18DF5 /* Combine */,
			);
			path = Screen;
			sourceTree = "<group>";
		};
		780D09B028016C6400454705 /* Launch */ = {
			isa = PBXGroup;
			children = (
				78CBE26F27F31DA500DF1667 /* LaunchScreen.storyboard */,
			);
			path = Launch;
			sourceTree = "<group>";
		};
		780D09B328028B6500454705 /* Combine */ = {
			isa = PBXGroup;
			children = (
				780D09B428028B7000454705 /* Combine.swift */,
				780D09B62802907300454705 /* HowToUse */,
			);
			path = Combine;
			sourceTree = "<group>";
		};
		780D09B62802907300454705 /* HowToUse */ = {
			isa = PBXGroup;
			children = (
				780D09B72802908C00454705 /* Publisher.swift */,
			);
			path = HowToUse;
			sourceTree = "<group>";
		};
		780D09B92802BE2A00454705 /* API */ = {
			isa = PBXGroup;
			children = (
				78AAF074280AFAB200BF0E3B /* APIRequest */,
				78AAF075280AFAB800BF0E3B /* APIResponse */,
				78AAF069280AD8EF00BF0E3B /* Configuration */,
				78AAF054280AB3F700BF0E3B /* Core */,
				783A47FC281548F800DE244A /* CoreData */,
				78AAF06C280AD94E00BF0E3B /* DataHolder */,
				78AAF06F280ADA1500BF0E3B /* LocalRequest */,
				788407D52814239E00641E27 /* TestData */,
			);
			path = API;
			sourceTree = "<group>";
		};
		783A47F42815028F00DE244A /* Utility */ = {
			isa = PBXGroup;
			children = (
				783A47F5281502A100DE244A /* Utility.swift */,
			);
			path = Utility;
			sourceTree = "<group>";
		};
		783A47F7281503E300DE244A /* Model */ = {
			isa = PBXGroup;
			children = (
				783A47F8281503F500DE244A /* JokeModelTests.swift */,
			);
			path = Model;
			sourceTree = "<group>";
		};
		783A47FC281548F800DE244A /* CoreData */ = {
			isa = PBXGroup;
			children = (
				783A47FA2815417B00DE244A /* CoreData.swift */,
				783A480928154D8C00DE244A /* CoreDataRepository.swift */,
				7859A22C28159AC600E0F08C /* Fruit */,
				7859A23128159F6100E0F08C /* Model.xcdatamodeld */,
			);
			path = CoreData;
			sourceTree = "<group>";
		};
		783A480F2815519800DE244A /* Protocol */ = {
			isa = PBXGroup;
			children = (
				78AAF07D280B0B2700BF0E3B /* ModelProtocol.swift */,
			);
			path = Protocol;
			sourceTree = "<group>";
		};
		783A4810281551A100DE244A /* Impl */ = {
			isa = PBXGroup;
			children = (
				78AAF07F280B0D1F00BF0E3B /* JokeModel.swift */,
			);
			path = Impl;
			sourceTree = "<group>";
		};
		783A4811281551C400DE244A /* CoreData */ = {
			isa = PBXGroup;
			children = (
				783A4818281552F200DE244A /* CoreDataItem.swift */,
				783A4812281551DC00DE244A /* CoreDataUI.swift */,
				783A4814281551E500DE244A /* CoreDataViewController.swift */,
				783A4816281551EB00DE244A /* CoreDataViewModel.swift */,
			);
			path = CoreData;
			sourceTree = "<group>";
		};
		78482223281BCECE006CEF44 /* Storage */ = {
			isa = PBXGroup;
			children = (
				78482224281BCEEA006CEF44 /* UserDefaultsTests.swift */,
			);
			path = Storage;
			sourceTree = "<group>";
		};
		7859A22C28159AC600E0F08C /* Fruit */ = {
			isa = PBXGroup;
			children = (
				7859A23428159FA800E0F08C /* FruitEntity+CoreDataClass.swift */,
				7859A23528159FA800E0F08C /* FruitEntity+CoreDataProperties.swift */,
			);
			path = Fruit;
			sourceTree = "<group>";
		};
		7871EFE62813B2F8004E477D /* AppUtil */ = {
			isa = PBXGroup;
			children = (
				7871EFE72813B308004E477D /* String+Util.swift */,
			);
			path = AppUtil;
			sourceTree = "<group>";
		};
		7871EFEB2813BB8F004E477D /* Main */ = {
			isa = PBXGroup;
			children = (
				78EC5F60280BB49E00C18DF5 /* MainFlowController.swift */,
				78EC5F62280BB4AE00C18DF5 /* Home */,
				78EC5F94280C26FF00C18DF5 /* DEBUG */,
			);
			path = Main;
			sourceTree = "<group>";
		};
		7871EFEC2813BBAB004E477D /* Root */ = {
			isa = PBXGroup;
			children = (
				78CBE26827F31DA200DF1667 /* HomeViewController.swift */,
			);
			path = Root;
			sourceTree = "<group>";
		};
		7871EFED2813BBB5004E477D /* Root */ = {
			isa = PBXGroup;
			children = (
				78EC5F92280C25D200C18DF5 /* DEBUG_Item.swift */,
				78EC5F98280C272F00C18DF5 /* DEBUG_UI.swift */,
				78EC5F9A280C273800C18DF5 /* DEBUG_ViewController.swift */,
			);
			path = Root;
			sourceTree = "<group>";
		};
		7871EFEE2813BBEB004E477D /* Flow */ = {
			isa = PBXGroup;
			children = (
				7871EFEB2813BB8F004E477D /* Main */,
			);
			path = Flow;
			sourceTree = "<group>";
		};
		7871EFEF2813BD64004E477D /* Future */ = {
			isa = PBXGroup;
			children = (
				78EC5F88280BBF3700C18DF5 /* FutureUI.swift */,
				78EC5F84280BBC6000C18DF5 /* FutureViewController.swift */,
				7871EFF02813CDB7004E477D /* FutureViewModel.swift */,
			);
			path = Future;
			sourceTree = "<group>";
		};
		7871EFF22813D05D004E477D /* Subject */ = {
			isa = PBXGroup;
			children = (
				7871EFF52813D1C6004E477D /* SubjuctViewController.swift */,
				7871EFF72813D1CC004E477D /* SubjctViewModel.swift */,
			);
			path = Subject;
			sourceTree = "<group>";
		};
		7871EFF92813DB19004E477D /* Deferred */ = {
			isa = PBXGroup;
			children = (
				788407CF2814146700641E27 /* DeferredUI.swift */,
				788407D12814147100641E27 /* DeferredViewController.swift */,
				788407D32814147A00641E27 /* DeferredViewModel.swift */,
			);
			path = Deferred;
			sourceTree = "<group>";
		};
		7871EFFA2813DD32004E477D /* Just */ = {
			isa = PBXGroup;
			children = (
				7871EFFB2813DD3E004E477D /* JustViewController.swift */,
				7871EFFD2813DD45004E477D /* JustViewModel.swift */,
			);
			path = Just;
			sourceTree = "<group>";
		};
		788407D52814239E00641E27 /* TestData */ = {
			isa = PBXGroup;
			children = (
				788407D6281423DE00641E27 /* GetJoke.json */,
			);
			path = TestData;
			sourceTree = "<group>";
		};
		788407DD2814247D00641E27 /* SwiftCombineTests */ = {
			isa = PBXGroup;
			children = (
				788407E5281424AE00641E27 /* API */,
				783A47F7281503E300DE244A /* Model */,
				783A47F42815028F00DE244A /* Utility */,
			);
			path = SwiftCombineTests;
			sourceTree = "<group>";
		};
		788407E5281424AE00641E27 /* API */ = {
			isa = PBXGroup;
			children = (
				78482223281BCECE006CEF44 /* Storage */,
				788407E6281424CA00641E27 /* RequestTests.swift */,
			);
			path = API;
			sourceTree = "<group>";
		};
		78AAF054280AB3F700BF0E3B /* Core */ = {
			isa = PBXGroup;
			children = (
				78AAF066280AD88300BF0E3B /* Storage */,
				78AAF061280AD6E200BF0E3B /* APIClient.swift */,
				78AAF05B280AC00400BF0E3B /* APIError.swift */,
				78AAF05F280AC47500BF0E3B /* DataStructure.swift */,
				78AAF05D280AC43B00BF0E3B /* LocalRequest.swift */,
				78AAF07B280B04F200BF0E3B /* Repository.swift */,
				78AAF083280B121B00BF0E3B /* Repos.swift */,
				78AAF055280AB40300BF0E3B /* Request.swift */,
				78AAF059280ABFCD00BF0E3B /* TestDataFetchRequest.swift */,
				78AAF057280ABEE600BF0E3B /* URLRequest+Extension.swift */,
			);
			path = Core;
			sourceTree = "<group>";
		};
		78AAF063280AD6F200BF0E3B /* Logger */ = {
			isa = PBXGroup;
			children = (
				78AAF064280AD70800BF0E3B /* Logger.swift */,
			);
			path = Logger;
			sourceTree = "<group>";
		};
		78AAF066280AD88300BF0E3B /* Storage */ = {
			isa = PBXGroup;
			children = (
				78AAF067280AD88E00BF0E3B /* UserDefaultsStorage.swift */,
			);
			path = Storage;
			sourceTree = "<group>";
		};
		78AAF069280AD8EF00BF0E3B /* Configuration */ = {
			isa = PBXGroup;
			children = (
				78AAF06A280AD8FE00BF0E3B /* UserDefaultKey.swift */,
			);
			path = Configuration;
			sourceTree = "<group>";
		};
		78AAF06C280AD94E00BF0E3B /* DataHolder */ = {
			isa = PBXGroup;
			children = (
				78AAF06D280AD95E00BF0E3B /* PersistedDataHolder.swift */,
			);
			path = DataHolder;
			sourceTree = "<group>";
		};
		78AAF06F280ADA1500BF0E3B /* LocalRequest */ = {
			isa = PBXGroup;
			children = (
				78AAF070280ADA3B00BF0E3B /* GetOnboardingFinishedRequest.swift */,
				78AAF072280ADA4800BF0E3B /* SetOnboardingFinishedRequest.swift */,
			);
			path = LocalRequest;
			sourceTree = "<group>";
		};
		78AAF074280AFAB200BF0E3B /* APIRequest */ = {
			isa = PBXGroup;
			children = (
				78AAF076280AFAFC00BF0E3B /* JokeGetRequest.swift */,
			);
			path = APIRequest;
			sourceTree = "<group>";
		};
		78AAF075280AFAB800BF0E3B /* APIResponse */ = {
			isa = PBXGroup;
			children = (
				78AAF078280AFB5E00BF0E3B /* JokeResponse.swift */,
			);
			path = APIResponse;
			sourceTree = "<group>";
		};
		78AAF07A280B047600BF0E3B /* Model */ = {
			isa = PBXGroup;
			children = (
				78AAF081280B100C00BF0E3B /* Model.swift */,
				783A4810281551A100DE244A /* Impl */,
				783A480F2815519800DE244A /* Protocol */,
			);
			path = Model;
			sourceTree = "<group>";
		};
		78CBE25827F31DA200DF1667 = {
			isa = PBXGroup;
			children = (
				78CBE26327F31DA200DF1667 /* SwiftCombine */,
				788407DD2814247D00641E27 /* SwiftCombineTests */,
				78CBE26227F31DA200DF1667 /* Products */,
			);
			sourceTree = "<group>";
		};
		78CBE26227F31DA200DF1667 /* Products */ = {
			isa = PBXGroup;
			children = (
				78CBE26127F31DA200DF1667 /* SwiftCombine.app */,
				788407DC2814247D00641E27 /* SwiftCombineTests.xctest */,
			);
			name = Products;
			sourceTree = "<group>";
		};
		78CBE26327F31DA200DF1667 /* SwiftCombine */ = {
			isa = PBXGroup;
			children = (
				78EC5F86280BBD8B00C18DF5 /* AppDataHolder.swift */,
				78CBE26427F31DA200DF1667 /* AppDelegate.swift */,
				78EC5F77280BB7C400C18DF5 /* AppFlowController.swift */,
				780D09B92802BE2A00454705 /* API */,
				78AAF07A280B047600BF0E3B /* Model */,
				78EC5F5E280BB42200C18DF5 /* Presentation */,
				780D09AE28016C4F00454705 /* Resource */,
				78EC5F5F280BB43D00C18DF5 /* Utility */,
				78CBE27227F31DA500DF1667 /* Info.plist */,
			);
			path = SwiftCombine;
			sourceTree = "<group>";
		};
		78EC5F5E280BB42200C18DF5 /* Presentation */ = {
			isa = PBXGroup;
			children = (
				78EC5F63280BB4D600C18DF5 /* Core */,
				78EC5F79280BB9D800C18DF5 /* Container */,
				780D09AF28016C5900454705 /* Screen */,
			);
			path = Presentation;
			sourceTree = "<group>";
		};
		78EC5F5F280BB43D00C18DF5 /* Utility */ = {
			isa = PBXGroup;
			children = (
				78EC5F90280BC90300C18DF5 /* LoadingState.swift */,
				78EC5F8A280BC2FE00C18DF5 /* UIControl+Publisher.swift */,
				7859A2272815912200E0F08C /* UITextField+Publisher.swift */,
				78EC5F6C280BB57B00C18DF5 /* UIViewController+Container.swift */,
				786071DD2813AA5C0074ECB8 /* UIView+Layout.swift */,
				7871EFE62813B2F8004E477D /* AppUtil */,
				780D09B328028B6500454705 /* Combine */,
				78AAF063280AD6F200BF0E3B /* Logger */,
			);
			path = Utility;
			sourceTree = "<group>";
		};
		78EC5F62280BB4AE00C18DF5 /* Home */ = {
			isa = PBXGroup;
			children = (
				78EC5F72280BB6AA00C18DF5 /* HomeFlowController.swift */,
				7871EFEC2813BBAB004E477D /* Root */,
			);
			path = Home;
			sourceTree = "<group>";
		};
		78EC5F63280BB4D600C18DF5 /* Core */ = {
			isa = PBXGroup;
			children = (
				78EC5F6A280BB50000C18DF5 /* FlowController.swift */,
				78EC5F68280BB4F800C18DF5 /* UserInterface.swift */,
				78EC5F66280BB4EE00C18DF5 /* VCInjectable.swift */,
				78EC5F64280BB4E700C18DF5 /* ViewModel.swift */,
			);
			path = Core;
			sourceTree = "<group>";
		};
		78EC5F6E280BB65600C18DF5 /* API */ = {
			isa = PBXGroup;
			children = (
				78EC5F8C280BC7B500C18DF5 /* APIUI.swift */,
				78EC5F6F280BB66000C18DF5 /* APIViewController.swift */,
				78EC5F8E280BC8C700C18DF5 /* APIViewModel.swift */,
			);
			path = API;
			sourceTree = "<group>";
		};
		78EC5F79280BB9D800C18DF5 /* Container */ = {
			isa = PBXGroup;
			children = (
				78EC5F7A280BB9E700C18DF5 /* NavigationController.swift */,
				78EC5F7C280BB9EF00C18DF5 /* TabBarController.swift */,
			);
			path = Container;
			sourceTree = "<group>";
		};
		78EC5F80280BBC4300C18DF5 /* Combine */ = {
			isa = PBXGroup;
			children = (
				7871EFFA2813DD32004E477D /* Just */,
				7871EFF22813D05D004E477D /* Subject */,
				7871EFEF2813BD64004E477D /* Future */,
				7871EFF92813DB19004E477D /* Deferred */,
			);
			path = Combine;
			sourceTree = "<group>";
		};
		78EC5F94280C26FF00C18DF5 /* DEBUG */ = {
			isa = PBXGroup;
			children = (
				78EC5F96280C272200C18DF5 /* DEBUG_FlowController.swift */,
				7871EFED2813BBB5004E477D /* Root */,
			);
			path = DEBUG;
			sourceTree = "<group>";
		};
/* End PBXGroup section */

/* Begin PBXNativeTarget section */
		788407DB2814247D00641E27 /* SwiftCombineTests */ = {
			isa = PBXNativeTarget;
			buildConfigurationList = 788407E22814247D00641E27 /* Build configuration list for PBXNativeTarget "SwiftCombineTests" */;
			buildPhases = (
				788407D82814247D00641E27 /* Sources */,
				788407D92814247D00641E27 /* Frameworks */,
				788407DA2814247D00641E27 /* Resources */,
			);
			buildRules = (
			);
			dependencies = (
				788407E12814247D00641E27 /* PBXTargetDependency */,
			);
			name = SwiftCombineTests;
			productName = SwiftCombineTests;
			productReference = 788407DC2814247D00641E27 /* SwiftCombineTests.xctest */;
			productType = "com.apple.product-type.bundle.unit-test";
		};
		78CBE26027F31DA200DF1667 /* SwiftCombine */ = {
			isa = PBXNativeTarget;
			buildConfigurationList = 78CBE27527F31DA500DF1667 /* Build configuration list for PBXNativeTarget "SwiftCombine" */;
			buildPhases = (
				78CBE25D27F31DA200DF1667 /* Sources */,
				78CBE25E27F31DA200DF1667 /* Frameworks */,
				78CBE25F27F31DA200DF1667 /* Resources */,
			);
			buildRules = (
			);
			dependencies = (
			);
			name = SwiftCombine;
			productName = SwiftCombine;
			productReference = 78CBE26127F31DA200DF1667 /* SwiftCombine.app */;
			productType = "com.apple.product-type.application";
		};
/* End PBXNativeTarget section */

/* Begin PBXProject section */
		78CBE25927F31DA200DF1667 /* Project object */ = {
			isa = PBXProject;
			attributes = {
				BuildIndependentTargetsInParallel = 1;
				LastSwiftUpdateCheck = 1330;
				LastUpgradeCheck = 1330;
				TargetAttributes = {
					788407DB2814247D00641E27 = {
						CreatedOnToolsVersion = 13.3.1;
						LastSwiftMigration = 1330;
						TestTargetID = 78CBE26027F31DA200DF1667;
					};
					78CBE26027F31DA200DF1667 = {
						CreatedOnToolsVersion = 13.3;
					};
				};
			};
			buildConfigurationList = 78CBE25C27F31DA200DF1667 /* Build configuration list for PBXProject "SwiftCombine" */;
			compatibilityVersion = "Xcode 13.0";
			developmentRegion = en;
			hasScannedForEncodings = 0;
			knownRegions = (
				en,
				Base,
			);
			mainGroup = 78CBE25827F31DA200DF1667;
			productRefGroup = 78CBE26227F31DA200DF1667 /* Products */;
			projectDirPath = "";
			projectRoot = "";
			targets = (
				78CBE26027F31DA200DF1667 /* SwiftCombine */,
				788407DB2814247D00641E27 /* SwiftCombineTests */,
			);
		};
/* End PBXProject section */

/* Begin PBXResourcesBuildPhase section */
		788407DA2814247D00641E27 /* Resources */ = {
			isa = PBXResourcesBuildPhase;
			buildActionMask = 2147483647;
			files = (
			);
			runOnlyForDeploymentPostprocessing = 0;
		};
		78CBE25F27F31DA200DF1667 /* Resources */ = {
			isa = PBXResourcesBuildPhase;
			buildActionMask = 2147483647;
			files = (
				788407D7281423DE00641E27 /* GetJoke.json in Resources */,
				78CBE27127F31DA500DF1667 /* LaunchScreen.storyboard in Resources */,
				78CBE26E27F31DA500DF1667 /* Assets.xcassets in Resources */,
			);
			runOnlyForDeploymentPostprocessing = 0;
		};
/* End PBXResourcesBuildPhase section */

/* Begin PBXSourcesBuildPhase section */
		788407D82814247D00641E27 /* Sources */ = {
			isa = PBXSourcesBuildPhase;
			buildActionMask = 2147483647;
			files = (
				78482225281BCEEA006CEF44 /* UserDefaultsTests.swift in Sources */,
				783A47F6281502A100DE244A /* Utility.swift in Sources */,
				788407E7281424CA00641E27 /* RequestTests.swift in Sources */,
				783A47F9281503F500DE244A /* JokeModelTests.swift in Sources */,
			);
			runOnlyForDeploymentPostprocessing = 0;
		};
		78CBE25D27F31DA200DF1667 /* Sources */ = {
			isa = PBXSourcesBuildPhase;
			buildActionMask = 2147483647;
			files = (
				78AAF05E280AC43B00BF0E3B /* LocalRequest.swift in Sources */,
				7871EFF62813D1C6004E477D /* SubjuctViewController.swift in Sources */,
				780D09B82802908C00454705 /* Publisher.swift in Sources */,
				78AAF05A280ABFCD00BF0E3B /* TestDataFetchRequest.swift in Sources */,
				78AAF07E280B0B2700BF0E3B /* ModelProtocol.swift in Sources */,
				78AAF058280ABEE600BF0E3B /* URLRequest+Extension.swift in Sources */,
				780D09B528028B7000454705 /* Combine.swift in Sources */,
				78EC5F8B280BC2FE00C18DF5 /* UIControl+Publisher.swift in Sources */,
				78EC5F65280BB4E700C18DF5 /* ViewModel.swift in Sources */,
				78EC5F85280BBC6000C18DF5 /* FutureViewController.swift in Sources */,
				78AAF062280AD6E200BF0E3B /* APIClient.swift in Sources */,
				78AAF056280AB40300BF0E3B /* Request.swift in Sources */,
				783A480A28154D8C00DE244A /* CoreDataRepository.swift in Sources */,
				78AAF065280AD70800BF0E3B /* Logger.swift in Sources */,
				78AAF06B280AD8FE00BF0E3B /* UserDefaultKey.swift in Sources */,
				78EC5F7B280BB9E700C18DF5 /* NavigationController.swift in Sources */,
				78EC5F70280BB66000C18DF5 /* APIViewController.swift in Sources */,
				7871EFFE2813DD45004E477D /* JustViewModel.swift in Sources */,
				78EC5F87280BBD8B00C18DF5 /* AppDataHolder.swift in Sources */,
				78AAF06E280AD95E00BF0E3B /* PersistedDataHolder.swift in Sources */,
				78AAF05C280AC00400BF0E3B /* APIError.swift in Sources */,
				78EC5F7F280BBB2300C18DF5 /* ViewControllers.swift in Sources */,
				7871EFF82813D1CC004E477D /* SubjctViewModel.swift in Sources */,
				7859A2282815912200E0F08C /* UITextField+Publisher.swift in Sources */,
				7871EFF12813CDB7004E477D /* FutureViewModel.swift in Sources */,
				783A4819281552F200DE244A /* CoreDataItem.swift in Sources */,
				78AAF077280AFAFC00BF0E3B /* JokeGetRequest.swift in Sources */,
				78AAF068280AD88E00BF0E3B /* UserDefaultsStorage.swift in Sources */,
				78EC5F9B280C273800C18DF5 /* DEBUG_ViewController.swift in Sources */,
				78AAF082280B100C00BF0E3B /* Model.swift in Sources */,
				78AAF084280B121B00BF0E3B /* Repos.swift in Sources */,
				7871EFE82813B308004E477D /* String+Util.swift in Sources */,
				7859A23728159FA800E0F08C /* FruitEntity+CoreDataProperties.swift in Sources */,
				78AAF080280B0D1F00BF0E3B /* JokeModel.swift in Sources */,
				783A47FB2815417B00DE244A /* CoreData.swift in Sources */,
				78EC5F7D280BB9EF00C18DF5 /* TabBarController.swift in Sources */,
				783A4813281551DC00DE244A /* CoreDataUI.swift in Sources */,
				78AAF060280AC47500BF0E3B /* DataStructure.swift in Sources */,
				7859A23328159F6100E0F08C /* Model.xcdatamodeld in Sources */,
				78CBE26927F31DA200DF1667 /* HomeViewController.swift in Sources */,
				7871EFFC2813DD3E004E477D /* JustViewController.swift in Sources */,
				78AAF07C280B04F200BF0E3B /* Repository.swift in Sources */,
				78EC5F78280BB7C400C18DF5 /* AppFlowController.swift in Sources */,
				78EC5F6B280BB50000C18DF5 /* FlowController.swift in Sources */,
				78EC5F89280BBF3700C18DF5 /* FutureUI.swift in Sources */,
				786071DE2813AA5C0074ECB8 /* UIView+Layout.swift in Sources */,
				783A4817281551EB00DE244A /* CoreDataViewModel.swift in Sources */,
				78EC5F93280C25D200C18DF5 /* DEBUG_Item.swift in Sources */,
				7859A23628159FA800E0F08C /* FruitEntity+CoreDataClass.swift in Sources */,
				78EC5F6D280BB57B00C18DF5 /* UIViewController+Container.swift in Sources */,
				78EC5F73280BB6AA00C18DF5 /* HomeFlowController.swift in Sources */,
				78AAF073280ADA4800BF0E3B /* SetOnboardingFinishedRequest.swift in Sources */,
				78AAF079280AFB5E00BF0E3B /* JokeResponse.swift in Sources */,
				78CBE26527F31DA200DF1667 /* AppDelegate.swift in Sources */,
				78EC5F8D280BC7B500C18DF5 /* APIUI.swift in Sources */,
				78EC5F8F280BC8C700C18DF5 /* APIViewModel.swift in Sources */,
				78EC5F67280BB4EE00C18DF5 /* VCInjectable.swift in Sources */,
				78EC5F61280BB49E00C18DF5 /* MainFlowController.swift in Sources */,
				78EC5F91280BC90300C18DF5 /* LoadingState.swift in Sources */,
				788407D02814146700641E27 /* DeferredUI.swift in Sources */,
				783A4815281551E500DE244A /* CoreDataViewController.swift in Sources */,
				78EC5F69280BB4F800C18DF5 /* UserInterface.swift in Sources */,
				78EC5F99280C272F00C18DF5 /* DEBUG_UI.swift in Sources */,
				78AAF071280ADA3B00BF0E3B /* GetOnboardingFinishedRequest.swift in Sources */,
				788407D42814147A00641E27 /* DeferredViewModel.swift in Sources */,
				78EC5F97280C272200C18DF5 /* DEBUG_FlowController.swift in Sources */,
				788407D22814147100641E27 /* DeferredViewController.swift in Sources */,
			);
			runOnlyForDeploymentPostprocessing = 0;
		};
/* End PBXSourcesBuildPhase section */

/* Begin PBXTargetDependency section */
		788407E12814247D00641E27 /* PBXTargetDependency */ = {
			isa = PBXTargetDependency;
			target = 78CBE26027F31DA200DF1667 /* SwiftCombine */;
			targetProxy = 788407E02814247D00641E27 /* PBXContainerItemProxy */;
		};
/* End PBXTargetDependency section */

/* Begin PBXVariantGroup section */
		78CBE26F27F31DA500DF1667 /* LaunchScreen.storyboard */ = {
			isa = PBXVariantGroup;
			children = (
				78CBE27027F31DA500DF1667 /* Base */,
			);
			name = LaunchScreen.storyboard;
			sourceTree = "<group>";
		};
/* End PBXVariantGroup section */

/* Begin XCBuildConfiguration section */
		788407E32814247D00641E27 /* Debug */ = {
			isa = XCBuildConfiguration;
			buildSettings = {
				BUNDLE_LOADER = "$(TEST_HOST)";
				CLANG_ENABLE_MODULES = YES;
				CODE_SIGN_STYLE = Automatic;
				CURRENT_PROJECT_VERSION = 1;
				GENERATE_INFOPLIST_FILE = YES;
				IPHONEOS_DEPLOYMENT_TARGET = 15.4;
				LD_RUNPATH_SEARCH_PATHS = (
					"$(inherited)",
					"@executable_path/Frameworks",
					"@loader_path/Frameworks",
				);
				MARKETING_VERSION = 1.0;
				PRODUCT_BUNDLE_IDENTIFIER = yossibank.SwiftCombineTests;
				PRODUCT_NAME = "$(TARGET_NAME)";
				SWIFT_EMIT_LOC_STRINGS = NO;
				SWIFT_OPTIMIZATION_LEVEL = "-Onone";
				SWIFT_VERSION = 5.0;
				TARGETED_DEVICE_FAMILY = "1,2";
				TEST_HOST = "$(BUILT_PRODUCTS_DIR)/SwiftCombine.app/SwiftCombine";
			};
			name = Debug;
		};
		788407E42814247D00641E27 /* Release */ = {
			isa = XCBuildConfiguration;
			buildSettings = {
				BUNDLE_LOADER = "$(TEST_HOST)";
				CLANG_ENABLE_MODULES = YES;
				CODE_SIGN_STYLE = Automatic;
				CURRENT_PROJECT_VERSION = 1;
				GENERATE_INFOPLIST_FILE = YES;
				IPHONEOS_DEPLOYMENT_TARGET = 15.4;
				LD_RUNPATH_SEARCH_PATHS = (
					"$(inherited)",
					"@executable_path/Frameworks",
					"@loader_path/Frameworks",
				);
				MARKETING_VERSION = 1.0;
				PRODUCT_BUNDLE_IDENTIFIER = yossibank.SwiftCombineTests;
				PRODUCT_NAME = "$(TARGET_NAME)";
				SWIFT_EMIT_LOC_STRINGS = NO;
				SWIFT_VERSION = 5.0;
				TARGETED_DEVICE_FAMILY = "1,2";
				TEST_HOST = "$(BUILT_PRODUCTS_DIR)/SwiftCombine.app/SwiftCombine";
			};
			name = Release;
		};
		78CBE27327F31DA500DF1667 /* Debug */ = {
			isa = XCBuildConfiguration;
			buildSettings = {
				ALWAYS_SEARCH_USER_PATHS = NO;
				CLANG_ANALYZER_NONNULL = YES;
				CLANG_ANALYZER_NUMBER_OBJECT_CONVERSION = YES_AGGRESSIVE;
				CLANG_CXX_LANGUAGE_STANDARD = "gnu++17";
				CLANG_ENABLE_MODULES = YES;
				CLANG_ENABLE_OBJC_ARC = YES;
				CLANG_ENABLE_OBJC_WEAK = YES;
				CLANG_WARN_BLOCK_CAPTURE_AUTORELEASING = YES;
				CLANG_WARN_BOOL_CONVERSION = YES;
				CLANG_WARN_COMMA = YES;
				CLANG_WARN_CONSTANT_CONVERSION = YES;
				CLANG_WARN_DEPRECATED_OBJC_IMPLEMENTATIONS = YES;
				CLANG_WARN_DIRECT_OBJC_ISA_USAGE = YES_ERROR;
				CLANG_WARN_DOCUMENTATION_COMMENTS = YES;
				CLANG_WARN_EMPTY_BODY = YES;
				CLANG_WARN_ENUM_CONVERSION = YES;
				CLANG_WARN_INFINITE_RECURSION = YES;
				CLANG_WARN_INT_CONVERSION = YES;
				CLANG_WARN_NON_LITERAL_NULL_CONVERSION = YES;
				CLANG_WARN_OBJC_IMPLICIT_RETAIN_SELF = YES;
				CLANG_WARN_OBJC_LITERAL_CONVERSION = YES;
				CLANG_WARN_OBJC_ROOT_CLASS = YES_ERROR;
				CLANG_WARN_QUOTED_INCLUDE_IN_FRAMEWORK_HEADER = YES;
				CLANG_WARN_RANGE_LOOP_ANALYSIS = YES;
				CLANG_WARN_STRICT_PROTOTYPES = YES;
				CLANG_WARN_SUSPICIOUS_MOVE = YES;
				CLANG_WARN_UNGUARDED_AVAILABILITY = YES_AGGRESSIVE;
				CLANG_WARN_UNREACHABLE_CODE = YES;
				CLANG_WARN__DUPLICATE_METHOD_MATCH = YES;
				COPY_PHASE_STRIP = NO;
				DEBUG_INFORMATION_FORMAT = dwarf;
				ENABLE_STRICT_OBJC_MSGSEND = YES;
				ENABLE_TESTABILITY = YES;
				GCC_C_LANGUAGE_STANDARD = gnu11;
				GCC_DYNAMIC_NO_PIC = NO;
				GCC_NO_COMMON_BLOCKS = YES;
				GCC_OPTIMIZATION_LEVEL = 0;
				GCC_PREPROCESSOR_DEFINITIONS = (
					"DEBUG=1",
					"$(inherited)",
				);
				GCC_WARN_64_TO_32_BIT_CONVERSION = YES;
				GCC_WARN_ABOUT_RETURN_TYPE = YES_ERROR;
				GCC_WARN_UNDECLARED_SELECTOR = YES;
				GCC_WARN_UNINITIALIZED_AUTOS = YES_AGGRESSIVE;
				GCC_WARN_UNUSED_FUNCTION = YES;
				GCC_WARN_UNUSED_VARIABLE = YES;
				IPHONEOS_DEPLOYMENT_TARGET = 13.0;
				MTL_ENABLE_DEBUG_INFO = INCLUDE_SOURCE;
				MTL_FAST_MATH = YES;
				ONLY_ACTIVE_ARCH = YES;
				SDKROOT = iphoneos;
				SWIFT_ACTIVE_COMPILATION_CONDITIONS = DEBUG;
				SWIFT_OPTIMIZATION_LEVEL = "-Onone";
			};
			name = Debug;
		};
		78CBE27427F31DA500DF1667 /* Release */ = {
			isa = XCBuildConfiguration;
			buildSettings = {
				ALWAYS_SEARCH_USER_PATHS = NO;
				CLANG_ANALYZER_NONNULL = YES;
				CLANG_ANALYZER_NUMBER_OBJECT_CONVERSION = YES_AGGRESSIVE;
				CLANG_CXX_LANGUAGE_STANDARD = "gnu++17";
				CLANG_ENABLE_MODULES = YES;
				CLANG_ENABLE_OBJC_ARC = YES;
				CLANG_ENABLE_OBJC_WEAK = YES;
				CLANG_WARN_BLOCK_CAPTURE_AUTORELEASING = YES;
				CLANG_WARN_BOOL_CONVERSION = YES;
				CLANG_WARN_COMMA = YES;
				CLANG_WARN_CONSTANT_CONVERSION = YES;
				CLANG_WARN_DEPRECATED_OBJC_IMPLEMENTATIONS = YES;
				CLANG_WARN_DIRECT_OBJC_ISA_USAGE = YES_ERROR;
				CLANG_WARN_DOCUMENTATION_COMMENTS = YES;
				CLANG_WARN_EMPTY_BODY = YES;
				CLANG_WARN_ENUM_CONVERSION = YES;
				CLANG_WARN_INFINITE_RECURSION = YES;
				CLANG_WARN_INT_CONVERSION = YES;
				CLANG_WARN_NON_LITERAL_NULL_CONVERSION = YES;
				CLANG_WARN_OBJC_IMPLICIT_RETAIN_SELF = YES;
				CLANG_WARN_OBJC_LITERAL_CONVERSION = YES;
				CLANG_WARN_OBJC_ROOT_CLASS = YES_ERROR;
				CLANG_WARN_QUOTED_INCLUDE_IN_FRAMEWORK_HEADER = YES;
				CLANG_WARN_RANGE_LOOP_ANALYSIS = YES;
				CLANG_WARN_STRICT_PROTOTYPES = YES;
				CLANG_WARN_SUSPICIOUS_MOVE = YES;
				CLANG_WARN_UNGUARDED_AVAILABILITY = YES_AGGRESSIVE;
				CLANG_WARN_UNREACHABLE_CODE = YES;
				CLANG_WARN__DUPLICATE_METHOD_MATCH = YES;
				COPY_PHASE_STRIP = NO;
				DEBUG_INFORMATION_FORMAT = "dwarf-with-dsym";
				ENABLE_NS_ASSERTIONS = NO;
				ENABLE_STRICT_OBJC_MSGSEND = YES;
				GCC_C_LANGUAGE_STANDARD = gnu11;
				GCC_NO_COMMON_BLOCKS = YES;
				GCC_WARN_64_TO_32_BIT_CONVERSION = YES;
				GCC_WARN_ABOUT_RETURN_TYPE = YES_ERROR;
				GCC_WARN_UNDECLARED_SELECTOR = YES;
				GCC_WARN_UNINITIALIZED_AUTOS = YES_AGGRESSIVE;
				GCC_WARN_UNUSED_FUNCTION = YES;
				GCC_WARN_UNUSED_VARIABLE = YES;
				IPHONEOS_DEPLOYMENT_TARGET = 13.0;
				MTL_ENABLE_DEBUG_INFO = NO;
				MTL_FAST_MATH = YES;
				SDKROOT = iphoneos;
				SWIFT_COMPILATION_MODE = wholemodule;
				SWIFT_OPTIMIZATION_LEVEL = "-O";
				VALIDATE_PRODUCT = YES;
			};
			name = Release;
		};
		78CBE27627F31DA500DF1667 /* Debug */ = {
			isa = XCBuildConfiguration;
			buildSettings = {
				ASSETCATALOG_COMPILER_APPICON_NAME = AppIcon;
				ASSETCATALOG_COMPILER_GLOBAL_ACCENT_COLOR_NAME = AccentColor;
				CODE_SIGN_STYLE = Automatic;
				CURRENT_PROJECT_VERSION = 1;
				GENERATE_INFOPLIST_FILE = YES;
				INFOPLIST_FILE = SwiftCombine/Info.plist;
				INFOPLIST_KEY_UIApplicationSupportsIndirectInputEvents = YES;
				INFOPLIST_KEY_UILaunchStoryboardName = LaunchScreen;
				INFOPLIST_KEY_UISupportedInterfaceOrientations_iPad = "UIInterfaceOrientationPortrait UIInterfaceOrientationPortraitUpsideDown UIInterfaceOrientationLandscapeLeft UIInterfaceOrientationLandscapeRight";
				INFOPLIST_KEY_UISupportedInterfaceOrientations_iPhone = "UIInterfaceOrientationPortrait UIInterfaceOrientationLandscapeLeft UIInterfaceOrientationLandscapeRight";
				IPHONEOS_DEPLOYMENT_TARGET = 13.0;
				LD_RUNPATH_SEARCH_PATHS = (
					"$(inherited)",
					"@executable_path/Frameworks",
				);
				MARKETING_VERSION = 1.0;
				PRODUCT_BUNDLE_IDENTIFIER = yossibank.SwiftCombine;
				PRODUCT_NAME = "$(TARGET_NAME)";
				SWIFT_EMIT_LOC_STRINGS = YES;
				SWIFT_VERSION = 5.0;
				TARGETED_DEVICE_FAMILY = "1,2";
			};
			name = Debug;
		};
		78CBE27727F31DA500DF1667 /* Release */ = {
			isa = XCBuildConfiguration;
			buildSettings = {
				ASSETCATALOG_COMPILER_APPICON_NAME = AppIcon;
				ASSETCATALOG_COMPILER_GLOBAL_ACCENT_COLOR_NAME = AccentColor;
				CODE_SIGN_STYLE = Automatic;
				CURRENT_PROJECT_VERSION = 1;
				GENERATE_INFOPLIST_FILE = YES;
				INFOPLIST_FILE = SwiftCombine/Info.plist;
				INFOPLIST_KEY_UIApplicationSupportsIndirectInputEvents = YES;
				INFOPLIST_KEY_UILaunchStoryboardName = LaunchScreen;
				INFOPLIST_KEY_UISupportedInterfaceOrientations_iPad = "UIInterfaceOrientationPortrait UIInterfaceOrientationPortraitUpsideDown UIInterfaceOrientationLandscapeLeft UIInterfaceOrientationLandscapeRight";
				INFOPLIST_KEY_UISupportedInterfaceOrientations_iPhone = "UIInterfaceOrientationPortrait UIInterfaceOrientationLandscapeLeft UIInterfaceOrientationLandscapeRight";
				IPHONEOS_DEPLOYMENT_TARGET = 13.0;
				LD_RUNPATH_SEARCH_PATHS = (
					"$(inherited)",
					"@executable_path/Frameworks",
				);
				MARKETING_VERSION = 1.0;
				PRODUCT_BUNDLE_IDENTIFIER = yossibank.SwiftCombine;
				PRODUCT_NAME = "$(TARGET_NAME)";
				SWIFT_EMIT_LOC_STRINGS = YES;
				SWIFT_VERSION = 5.0;
				TARGETED_DEVICE_FAMILY = "1,2";
			};
			name = Release;
		};
/* End XCBuildConfiguration section */

/* Begin XCConfigurationList section */
		788407E22814247D00641E27 /* Build configuration list for PBXNativeTarget "SwiftCombineTests" */ = {
			isa = XCConfigurationList;
			buildConfigurations = (
				788407E32814247D00641E27 /* Debug */,
				788407E42814247D00641E27 /* Release */,
			);
			defaultConfigurationIsVisible = 0;
			defaultConfigurationName = Release;
		};
		78CBE25C27F31DA200DF1667 /* Build configuration list for PBXProject "SwiftCombine" */ = {
			isa = XCConfigurationList;
			buildConfigurations = (
				78CBE27327F31DA500DF1667 /* Debug */,
				78CBE27427F31DA500DF1667 /* Release */,
			);
			defaultConfigurationIsVisible = 0;
			defaultConfigurationName = Release;
		};
		78CBE27527F31DA500DF1667 /* Build configuration list for PBXNativeTarget "SwiftCombine" */ = {
			isa = XCConfigurationList;
			buildConfigurations = (
				78CBE27627F31DA500DF1667 /* Debug */,
				78CBE27727F31DA500DF1667 /* Release */,
			);
			defaultConfigurationIsVisible = 0;
			defaultConfigurationName = Release;
		};
/* End XCConfigurationList section */

/* Begin XCVersionGroup section */
		7859A23128159F6100E0F08C /* Model.xcdatamodeld */ = {
			isa = XCVersionGroup;
			children = (
				7859A23228159F6100E0F08C /* Model.xcdatamodel */,
			);
			currentVersion = 7859A23228159F6100E0F08C /* Model.xcdatamodel */;
			path = Model.xcdatamodeld;
			sourceTree = "<group>";
			versionGroupType = wrapper.xcdatamodel;
		};
/* End XCVersionGroup section */
	};
	rootObject = 78CBE25927F31DA200DF1667 /* Project object */;
}
