// !$*UTF8*$!
{
	archiveVersion = 1;
	classes = {
	};
	objectVersion = 55;
	objects = {

/* Begin PBXBuildFile section */
		780D09B528028B7000454705 /* Combine.swift in Sources */ = {isa = PBXBuildFile; fileRef = 780D09B428028B7000454705 /* Combine.swift */; };
		780D09B82802908C00454705 /* Publisher.swift in Sources */ = {isa = PBXBuildFile; fileRef = 780D09B72802908C00454705 /* Publisher.swift */; };
		78AAF056280AB40300BF0E3B /* Request.swift in Sources */ = {isa = PBXBuildFile; fileRef = 78AAF055280AB40300BF0E3B /* Request.swift */; };
		78AAF058280ABEE600BF0E3B /* URLRequest+Extension.swift in Sources */ = {isa = PBXBuildFile; fileRef = 78AAF057280ABEE600BF0E3B /* URLRequest+Extension.swift */; };
		78AAF05A280ABFCD00BF0E3B /* TestDataFetchRequest.swift in Sources */ = {isa = PBXBuildFile; fileRef = 78AAF059280ABFCD00BF0E3B /* TestDataFetchRequest.swift */; };
		78AAF05C280AC00400BF0E3B /* APIError.swift in Sources */ = {isa = PBXBuildFile; fileRef = 78AAF05B280AC00400BF0E3B /* APIError.swift */; };
		78AAF05E280AC43B00BF0E3B /* LocalRequest.swift in Sources */ = {isa = PBXBuildFile; fileRef = 78AAF05D280AC43B00BF0E3B /* LocalRequest.swift */; };
		78AAF060280AC47500BF0E3B /* DataStructure.swift in Sources */ = {isa = PBXBuildFile; fileRef = 78AAF05F280AC47500BF0E3B /* DataStructure.swift */; };
		78AAF062280AD6E200BF0E3B /* APIClient.swift in Sources */ = {isa = PBXBuildFile; fileRef = 78AAF061280AD6E200BF0E3B /* APIClient.swift */; };
		78AAF065280AD70800BF0E3B /* Logger.swift in Sources */ = {isa = PBXBuildFile; fileRef = 78AAF064280AD70800BF0E3B /* Logger.swift */; };
		78AAF068280AD88E00BF0E3B /* UserDefaultsStorage.swift in Sources */ = {isa = PBXBuildFile; fileRef = 78AAF067280AD88E00BF0E3B /* UserDefaultsStorage.swift */; };
		78AAF06B280AD8FE00BF0E3B /* UserDefaultKey.swift in Sources */ = {isa = PBXBuildFile; fileRef = 78AAF06A280AD8FE00BF0E3B /* UserDefaultKey.swift */; };
		78AAF06E280AD95E00BF0E3B /* PersistedDataHolder.swift in Sources */ = {isa = PBXBuildFile; fileRef = 78AAF06D280AD95E00BF0E3B /* PersistedDataHolder.swift */; };
		78AAF071280ADA3B00BF0E3B /* GetOnboardingFinishedRequest.swift in Sources */ = {isa = PBXBuildFile; fileRef = 78AAF070280ADA3B00BF0E3B /* GetOnboardingFinishedRequest.swift */; };
		78AAF073280ADA4800BF0E3B /* SetOnboardingFinishedRequest.swift in Sources */ = {isa = PBXBuildFile; fileRef = 78AAF072280ADA4800BF0E3B /* SetOnboardingFinishedRequest.swift */; };
		78AAF077280AFAFC00BF0E3B /* JokeGetRequest.swift in Sources */ = {isa = PBXBuildFile; fileRef = 78AAF076280AFAFC00BF0E3B /* JokeGetRequest.swift */; };
		78AAF079280AFB5E00BF0E3B /* JokeResponse.swift in Sources */ = {isa = PBXBuildFile; fileRef = 78AAF078280AFB5E00BF0E3B /* JokeResponse.swift */; };
		78AAF07C280B04F200BF0E3B /* Repository.swift in Sources */ = {isa = PBXBuildFile; fileRef = 78AAF07B280B04F200BF0E3B /* Repository.swift */; };
		78AAF07E280B0B2700BF0E3B /* ModelProtocol.swift in Sources */ = {isa = PBXBuildFile; fileRef = 78AAF07D280B0B2700BF0E3B /* ModelProtocol.swift */; };
		78AAF080280B0D1F00BF0E3B /* JokeModel.swift in Sources */ = {isa = PBXBuildFile; fileRef = 78AAF07F280B0D1F00BF0E3B /* JokeModel.swift */; };
		78AAF082280B100C00BF0E3B /* Model.swift in Sources */ = {isa = PBXBuildFile; fileRef = 78AAF081280B100C00BF0E3B /* Model.swift */; };
		78AAF084280B121B00BF0E3B /* Repos.swift in Sources */ = {isa = PBXBuildFile; fileRef = 78AAF083280B121B00BF0E3B /* Repos.swift */; };
		78CBE26527F31DA200DF1667 /* AppDelegate.swift in Sources */ = {isa = PBXBuildFile; fileRef = 78CBE26427F31DA200DF1667 /* AppDelegate.swift */; };
		78CBE26927F31DA200DF1667 /* ViewController.swift in Sources */ = {isa = PBXBuildFile; fileRef = 78CBE26827F31DA200DF1667 /* ViewController.swift */; };
		78CBE26E27F31DA500DF1667 /* Assets.xcassets in Resources */ = {isa = PBXBuildFile; fileRef = 78CBE26D27F31DA500DF1667 /* Assets.xcassets */; };
		78CBE27127F31DA500DF1667 /* LaunchScreen.storyboard in Resources */ = {isa = PBXBuildFile; fileRef = 78CBE26F27F31DA500DF1667 /* LaunchScreen.storyboard */; };
/* End PBXBuildFile section */

/* Begin PBXFileReference section */
		780D09B428028B7000454705 /* Combine.swift */ = {isa = PBXFileReference; lastKnownFileType = sourcecode.swift; path = Combine.swift; sourceTree = "<group>"; };
		780D09B72802908C00454705 /* Publisher.swift */ = {isa = PBXFileReference; lastKnownFileType = sourcecode.swift; path = Publisher.swift; sourceTree = "<group>"; };
		78AAF055280AB40300BF0E3B /* Request.swift */ = {isa = PBXFileReference; lastKnownFileType = sourcecode.swift; path = Request.swift; sourceTree = "<group>"; };
		78AAF057280ABEE600BF0E3B /* URLRequest+Extension.swift */ = {isa = PBXFileReference; lastKnownFileType = sourcecode.swift; path = "URLRequest+Extension.swift"; sourceTree = "<group>"; };
		78AAF059280ABFCD00BF0E3B /* TestDataFetchRequest.swift */ = {isa = PBXFileReference; lastKnownFileType = sourcecode.swift; path = TestDataFetchRequest.swift; sourceTree = "<group>"; };
		78AAF05B280AC00400BF0E3B /* APIError.swift */ = {isa = PBXFileReference; lastKnownFileType = sourcecode.swift; path = APIError.swift; sourceTree = "<group>"; };
		78AAF05D280AC43B00BF0E3B /* LocalRequest.swift */ = {isa = PBXFileReference; lastKnownFileType = sourcecode.swift; path = LocalRequest.swift; sourceTree = "<group>"; };
		78AAF05F280AC47500BF0E3B /* DataStructure.swift */ = {isa = PBXFileReference; lastKnownFileType = sourcecode.swift; path = DataStructure.swift; sourceTree = "<group>"; };
		78AAF061280AD6E200BF0E3B /* APIClient.swift */ = {isa = PBXFileReference; lastKnownFileType = sourcecode.swift; path = APIClient.swift; sourceTree = "<group>"; };
		78AAF064280AD70800BF0E3B /* Logger.swift */ = {isa = PBXFileReference; lastKnownFileType = sourcecode.swift; path = Logger.swift; sourceTree = "<group>"; };
		78AAF067280AD88E00BF0E3B /* UserDefaultsStorage.swift */ = {isa = PBXFileReference; lastKnownFileType = sourcecode.swift; path = UserDefaultsStorage.swift; sourceTree = "<group>"; };
		78AAF06A280AD8FE00BF0E3B /* UserDefaultKey.swift */ = {isa = PBXFileReference; lastKnownFileType = sourcecode.swift; path = UserDefaultKey.swift; sourceTree = "<group>"; };
		78AAF06D280AD95E00BF0E3B /* PersistedDataHolder.swift */ = {isa = PBXFileReference; lastKnownFileType = sourcecode.swift; path = PersistedDataHolder.swift; sourceTree = "<group>"; };
		78AAF070280ADA3B00BF0E3B /* GetOnboardingFinishedRequest.swift */ = {isa = PBXFileReference; lastKnownFileType = sourcecode.swift; path = GetOnboardingFinishedRequest.swift; sourceTree = "<group>"; };
		78AAF072280ADA4800BF0E3B /* SetOnboardingFinishedRequest.swift */ = {isa = PBXFileReference; lastKnownFileType = sourcecode.swift; path = SetOnboardingFinishedRequest.swift; sourceTree = "<group>"; };
		78AAF076280AFAFC00BF0E3B /* JokeGetRequest.swift */ = {isa = PBXFileReference; lastKnownFileType = sourcecode.swift; path = JokeGetRequest.swift; sourceTree = "<group>"; };
		78AAF078280AFB5E00BF0E3B /* JokeResponse.swift */ = {isa = PBXFileReference; lastKnownFileType = sourcecode.swift; path = JokeResponse.swift; sourceTree = "<group>"; };
		78AAF07B280B04F200BF0E3B /* Repository.swift */ = {isa = PBXFileReference; lastKnownFileType = sourcecode.swift; path = Repository.swift; sourceTree = "<group>"; };
		78AAF07D280B0B2700BF0E3B /* ModelProtocol.swift */ = {isa = PBXFileReference; lastKnownFileType = sourcecode.swift; path = ModelProtocol.swift; sourceTree = "<group>"; };
		78AAF07F280B0D1F00BF0E3B /* JokeModel.swift */ = {isa = PBXFileReference; lastKnownFileType = sourcecode.swift; path = JokeModel.swift; sourceTree = "<group>"; };
		78AAF081280B100C00BF0E3B /* Model.swift */ = {isa = PBXFileReference; lastKnownFileType = sourcecode.swift; path = Model.swift; sourceTree = "<group>"; };
		78AAF083280B121B00BF0E3B /* Repos.swift */ = {isa = PBXFileReference; lastKnownFileType = sourcecode.swift; path = Repos.swift; sourceTree = "<group>"; };
		78CBE26127F31DA200DF1667 /* SwiftCombine.app */ = {isa = PBXFileReference; explicitFileType = wrapper.application; includeInIndex = 0; path = SwiftCombine.app; sourceTree = BUILT_PRODUCTS_DIR; };
		78CBE26427F31DA200DF1667 /* AppDelegate.swift */ = {isa = PBXFileReference; lastKnownFileType = sourcecode.swift; path = AppDelegate.swift; sourceTree = "<group>"; };
		78CBE26827F31DA200DF1667 /* ViewController.swift */ = {isa = PBXFileReference; lastKnownFileType = sourcecode.swift; path = ViewController.swift; sourceTree = "<group>"; };
		78CBE26D27F31DA500DF1667 /* Assets.xcassets */ = {isa = PBXFileReference; lastKnownFileType = folder.assetcatalog; path = Assets.xcassets; sourceTree = "<group>"; };
		78CBE27027F31DA500DF1667 /* Base */ = {isa = PBXFileReference; lastKnownFileType = file.storyboard; name = Base; path = Base.lproj/LaunchScreen.storyboard; sourceTree = "<group>"; };
		78CBE27227F31DA500DF1667 /* Info.plist */ = {isa = PBXFileReference; lastKnownFileType = text.plist.xml; path = Info.plist; sourceTree = "<group>"; };
/* End PBXFileReference section */

/* Begin PBXFrameworksBuildPhase section */
		78CBE25E27F31DA200DF1667 /* Frameworks */ = {
			isa = PBXFrameworksBuildPhase;
			buildActionMask = 2147483647;
			files = (
			);
			runOnlyForDeploymentPostprocessing = 0;
		};
/* End PBXFrameworksBuildPhase section */

/* Begin PBXGroup section */
		780D09AE28016C4F00454705 /* Resource */ = {
			isa = PBXGroup;
			children = (
				78CBE26D27F31DA500DF1667 /* Assets.xcassets */,
			);
			path = Resource;
			sourceTree = "<group>";
		};
		780D09AF28016C5900454705 /* Screen */ = {
			isa = PBXGroup;
			children = (
				780D09B028016C6400454705 /* Launch */,
				780D09B228016C7400454705 /* Main */,
			);
			path = Screen;
			sourceTree = "<group>";
		};
		780D09B028016C6400454705 /* Launch */ = {
			isa = PBXGroup;
			children = (
				78CBE26F27F31DA500DF1667 /* LaunchScreen.storyboard */,
			);
			path = Launch;
			sourceTree = "<group>";
		};
		780D09B128016C6D00454705 /* App */ = {
			isa = PBXGroup;
			children = (
				78CBE26427F31DA200DF1667 /* AppDelegate.swift */,
			);
			path = App;
			sourceTree = "<group>";
		};
		780D09B228016C7400454705 /* Main */ = {
			isa = PBXGroup;
			children = (
				78CBE26827F31DA200DF1667 /* ViewController.swift */,
			);
			path = Main;
			sourceTree = "<group>";
		};
		780D09B328028B6500454705 /* Combine */ = {
			isa = PBXGroup;
			children = (
				780D09B428028B7000454705 /* Combine.swift */,
				780D09B62802907300454705 /* HowToUse */,
			);
			path = Combine;
			sourceTree = "<group>";
		};
		780D09B62802907300454705 /* HowToUse */ = {
			isa = PBXGroup;
			children = (
				780D09B72802908C00454705 /* Publisher.swift */,
			);
			path = HowToUse;
			sourceTree = "<group>";
		};
		780D09B92802BE2A00454705 /* API */ = {
			isa = PBXGroup;
			children = (
				78AAF074280AFAB200BF0E3B /* APIRequest */,
				78AAF075280AFAB800BF0E3B /* APIResponse */,
				78AAF069280AD8EF00BF0E3B /* Configuration */,
				78AAF054280AB3F700BF0E3B /* Core */,
				78AAF06C280AD94E00BF0E3B /* DataHolder */,
				78AAF06F280ADA1500BF0E3B /* LocalRequest */,
			);
			path = API;
			sourceTree = "<group>";
		};
		78AAF054280AB3F700BF0E3B /* Core */ = {
			isa = PBXGroup;
			children = (
				78AAF066280AD88300BF0E3B /* Storage */,
				78AAF061280AD6E200BF0E3B /* APIClient.swift */,
				78AAF05B280AC00400BF0E3B /* APIError.swift */,
				78AAF05F280AC47500BF0E3B /* DataStructure.swift */,
				78AAF05D280AC43B00BF0E3B /* LocalRequest.swift */,
				78AAF07B280B04F200BF0E3B /* Repository.swift */,
				78AAF083280B121B00BF0E3B /* Repos.swift */,
				78AAF055280AB40300BF0E3B /* Request.swift */,
				78AAF059280ABFCD00BF0E3B /* TestDataFetchRequest.swift */,
				78AAF057280ABEE600BF0E3B /* URLRequest+Extension.swift */,
			);
			path = Core;
			sourceTree = "<group>";
		};
		78AAF063280AD6F200BF0E3B /* Logger */ = {
			isa = PBXGroup;
			children = (
				78AAF064280AD70800BF0E3B /* Logger.swift */,
			);
			path = Logger;
			sourceTree = "<group>";
		};
		78AAF066280AD88300BF0E3B /* Storage */ = {
			isa = PBXGroup;
			children = (
				78AAF067280AD88E00BF0E3B /* UserDefaultsStorage.swift */,
			);
			path = Storage;
			sourceTree = "<group>";
		};
		78AAF069280AD8EF00BF0E3B /* Configuration */ = {
			isa = PBXGroup;
			children = (
				78AAF06A280AD8FE00BF0E3B /* UserDefaultKey.swift */,
			);
			path = Configuration;
			sourceTree = "<group>";
		};
		78AAF06C280AD94E00BF0E3B /* DataHolder */ = {
			isa = PBXGroup;
			children = (
				78AAF06D280AD95E00BF0E3B /* PersistedDataHolder.swift */,
			);
			path = DataHolder;
			sourceTree = "<group>";
		};
		78AAF06F280ADA1500BF0E3B /* LocalRequest */ = {
			isa = PBXGroup;
			children = (
				78AAF070280ADA3B00BF0E3B /* GetOnboardingFinishedRequest.swift */,
				78AAF072280ADA4800BF0E3B /* SetOnboardingFinishedRequest.swift */,
			);
			path = LocalRequest;
			sourceTree = "<group>";
		};
		78AAF074280AFAB200BF0E3B /* APIRequest */ = {
			isa = PBXGroup;
			children = (
				78AAF076280AFAFC00BF0E3B /* JokeGetRequest.swift */,
			);
			path = APIRequest;
			sourceTree = "<group>";
		};
		78AAF075280AFAB800BF0E3B /* APIResponse */ = {
			isa = PBXGroup;
			children = (
				78AAF078280AFB5E00BF0E3B /* JokeResponse.swift */,
			);
			path = APIResponse;
			sourceTree = "<group>";
		};
		78AAF07A280B047600BF0E3B /* Model */ = {
			isa = PBXGroup;
			children = (
				78AAF07F280B0D1F00BF0E3B /* JokeModel.swift */,
				78AAF081280B100C00BF0E3B /* Model.swift */,
				78AAF07D280B0B2700BF0E3B /* ModelProtocol.swift */,
			);
			path = Model;
			sourceTree = "<group>";
		};
		78CBE25827F31DA200DF1667 = {
			isa = PBXGroup;
			children = (
				78CBE26327F31DA200DF1667 /* SwiftCombine */,
				78CBE26227F31DA200DF1667 /* Products */,
			);
			sourceTree = "<group>";
		};
		78CBE26227F31DA200DF1667 /* Products */ = {
			isa = PBXGroup;
			children = (
				78CBE26127F31DA200DF1667 /* SwiftCombine.app */,
			);
			name = Products;
			sourceTree = "<group>";
		};
		78CBE26327F31DA200DF1667 /* SwiftCombine */ = {
			isa = PBXGroup;
			children = (
				780D09B128016C6D00454705 /* App */,
				780D09B92802BE2A00454705 /* API */,
				78AAF07A280B047600BF0E3B /* Model */,
				780D09AF28016C5900454705 /* Screen */,
				780D09B328028B6500454705 /* Combine */,
				78AAF063280AD6F200BF0E3B /* Logger */,
				780D09AE28016C4F00454705 /* Resource */,
				78CBE27227F31DA500DF1667 /* Info.plist */,
			);
			path = SwiftCombine;
			sourceTree = "<group>";
		};
/* End PBXGroup section */

/* Begin PBXNativeTarget section */
		78CBE26027F31DA200DF1667 /* SwiftCombine */ = {
			isa = PBXNativeTarget;
			buildConfigurationList = 78CBE27527F31DA500DF1667 /* Build configuration list for PBXNativeTarget "SwiftCombine" */;
			buildPhases = (
				78CBE25D27F31DA200DF1667 /* Sources */,
				78CBE25E27F31DA200DF1667 /* Frameworks */,
				78CBE25F27F31DA200DF1667 /* Resources */,
			);
			buildRules = (
			);
			dependencies = (
			);
			name = SwiftCombine;
			productName = SwiftCombine;
			productReference = 78CBE26127F31DA200DF1667 /* SwiftCombine.app */;
			productType = "com.apple.product-type.application";
		};
/* End PBXNativeTarget section */

/* Begin PBXProject section */
		78CBE25927F31DA200DF1667 /* Project object */ = {
			isa = PBXProject;
			attributes = {
				BuildIndependentTargetsInParallel = 1;
				LastSwiftUpdateCheck = 1330;
				LastUpgradeCheck = 1330;
				TargetAttributes = {
					78CBE26027F31DA200DF1667 = {
						CreatedOnToolsVersion = 13.3;
					};
				};
			};
			buildConfigurationList = 78CBE25C27F31DA200DF1667 /* Build configuration list for PBXProject "SwiftCombine" */;
			compatibilityVersion = "Xcode 13.0";
			developmentRegion = en;
			hasScannedForEncodings = 0;
			knownRegions = (
				en,
				Base,
			);
			mainGroup = 78CBE25827F31DA200DF1667;
			productRefGroup = 78CBE26227F31DA200DF1667 /* Products */;
			projectDirPath = "";
			projectRoot = "";
			targets = (
				78CBE26027F31DA200DF1667 /* SwiftCombine */,
			);
		};
/* End PBXProject section */

/* Begin PBXResourcesBuildPhase section */
		78CBE25F27F31DA200DF1667 /* Resources */ = {
			isa = PBXResourcesBuildPhase;
			buildActionMask = 2147483647;
			files = (
				78CBE27127F31DA500DF1667 /* LaunchScreen.storyboard in Resources */,
				78CBE26E27F31DA500DF1667 /* Assets.xcassets in Resources */,
			);
			runOnlyForDeploymentPostprocessing = 0;
		};
/* End PBXResourcesBuildPhase section */

/* Begin PBXSourcesBuildPhase section */
		78CBE25D27F31DA200DF1667 /* Sources */ = {
			isa = PBXSourcesBuildPhase;
			buildActionMask = 2147483647;
			files = (
				78AAF05E280AC43B00BF0E3B /* LocalRequest.swift in Sources */,
				780D09B82802908C00454705 /* Publisher.swift in Sources */,
				78AAF05A280ABFCD00BF0E3B /* TestDataFetchRequest.swift in Sources */,
				78AAF07E280B0B2700BF0E3B /* ModelProtocol.swift in Sources */,
				78AAF058280ABEE600BF0E3B /* URLRequest+Extension.swift in Sources */,
				780D09B528028B7000454705 /* Combine.swift in Sources */,
				78AAF062280AD6E200BF0E3B /* APIClient.swift in Sources */,
				78AAF056280AB40300BF0E3B /* Request.swift in Sources */,
				78AAF065280AD70800BF0E3B /* Logger.swift in Sources */,
				78AAF06B280AD8FE00BF0E3B /* UserDefaultKey.swift in Sources */,
				78AAF06E280AD95E00BF0E3B /* PersistedDataHolder.swift in Sources */,
				78AAF05C280AC00400BF0E3B /* APIError.swift in Sources */,
				78AAF077280AFAFC00BF0E3B /* JokeGetRequest.swift in Sources */,
				78AAF068280AD88E00BF0E3B /* UserDefaultsStorage.swift in Sources */,
				78AAF082280B100C00BF0E3B /* Model.swift in Sources */,
				78AAF084280B121B00BF0E3B /* Repos.swift in Sources */,
				78AAF080280B0D1F00BF0E3B /* JokeModel.swift in Sources */,
				78AAF060280AC47500BF0E3B /* DataStructure.swift in Sources */,
				78CBE26927F31DA200DF1667 /* ViewController.swift in Sources */,
				78AAF07C280B04F200BF0E3B /* Repository.swift in Sources */,
				78AAF073280ADA4800BF0E3B /* SetOnboardingFinishedRequest.swift in Sources */,
				78AAF079280AFB5E00BF0E3B /* JokeResponse.swift in Sources */,
				78CBE26527F31DA200DF1667 /* AppDelegate.swift in Sources */,
				78AAF071280ADA3B00BF0E3B /* GetOnboardingFinishedRequest.swift in Sources */,
			);
			runOnlyForDeploymentPostprocessing = 0;
		};
/* End PBXSourcesBuildPhase section */

/* Begin PBXVariantGroup section */
		78CBE26F27F31DA500DF1667 /* LaunchScreen.storyboard */ = {
			isa = PBXVariantGroup;
			children = (
				78CBE27027F31DA500DF1667 /* Base */,
			);
			name = LaunchScreen.storyboard;
			sourceTree = "<group>";
		};
/* End PBXVariantGroup section */

/* Begin XCBuildConfiguration section */
		78CBE27327F31DA500DF1667 /* Debug */ = {
			isa = XCBuildConfiguration;
			buildSettings = {
				ALWAYS_SEARCH_USER_PATHS = NO;
				CLANG_ANALYZER_NONNULL = YES;
				CLANG_ANALYZER_NUMBER_OBJECT_CONVERSION = YES_AGGRESSIVE;
				CLANG_CXX_LANGUAGE_STANDARD = "gnu++17";
				CLANG_ENABLE_MODULES = YES;
				CLANG_ENABLE_OBJC_ARC = YES;
				CLANG_ENABLE_OBJC_WEAK = YES;
				CLANG_WARN_BLOCK_CAPTURE_AUTORELEASING = YES;
				CLANG_WARN_BOOL_CONVERSION = YES;
				CLANG_WARN_COMMA = YES;
				CLANG_WARN_CONSTANT_CONVERSION = YES;
				CLANG_WARN_DEPRECATED_OBJC_IMPLEMENTATIONS = YES;
				CLANG_WARN_DIRECT_OBJC_ISA_USAGE = YES_ERROR;
				CLANG_WARN_DOCUMENTATION_COMMENTS = YES;
				CLANG_WARN_EMPTY_BODY = YES;
				CLANG_WARN_ENUM_CONVERSION = YES;
				CLANG_WARN_INFINITE_RECURSION = YES;
				CLANG_WARN_INT_CONVERSION = YES;
				CLANG_WARN_NON_LITERAL_NULL_CONVERSION = YES;
				CLANG_WARN_OBJC_IMPLICIT_RETAIN_SELF = YES;
				CLANG_WARN_OBJC_LITERAL_CONVERSION = YES;
				CLANG_WARN_OBJC_ROOT_CLASS = YES_ERROR;
				CLANG_WARN_QUOTED_INCLUDE_IN_FRAMEWORK_HEADER = YES;
				CLANG_WARN_RANGE_LOOP_ANALYSIS = YES;
				CLANG_WARN_STRICT_PROTOTYPES = YES;
				CLANG_WARN_SUSPICIOUS_MOVE = YES;
				CLANG_WARN_UNGUARDED_AVAILABILITY = YES_AGGRESSIVE;
				CLANG_WARN_UNREACHABLE_CODE = YES;
				CLANG_WARN__DUPLICATE_METHOD_MATCH = YES;
				COPY_PHASE_STRIP = NO;
				DEBUG_INFORMATION_FORMAT = dwarf;
				ENABLE_STRICT_OBJC_MSGSEND = YES;
				ENABLE_TESTABILITY = YES;
				GCC_C_LANGUAGE_STANDARD = gnu11;
				GCC_DYNAMIC_NO_PIC = NO;
				GCC_NO_COMMON_BLOCKS = YES;
				GCC_OPTIMIZATION_LEVEL = 0;
				GCC_PREPROCESSOR_DEFINITIONS = (
					"DEBUG=1",
					"$(inherited)",
				);
				GCC_WARN_64_TO_32_BIT_CONVERSION = YES;
				GCC_WARN_ABOUT_RETURN_TYPE = YES_ERROR;
				GCC_WARN_UNDECLARED_SELECTOR = YES;
				GCC_WARN_UNINITIALIZED_AUTOS = YES_AGGRESSIVE;
				GCC_WARN_UNUSED_FUNCTION = YES;
				GCC_WARN_UNUSED_VARIABLE = YES;
				IPHONEOS_DEPLOYMENT_TARGET = 13.0;
				MTL_ENABLE_DEBUG_INFO = INCLUDE_SOURCE;
				MTL_FAST_MATH = YES;
				ONLY_ACTIVE_ARCH = YES;
				SDKROOT = iphoneos;
				SWIFT_ACTIVE_COMPILATION_CONDITIONS = DEBUG;
				SWIFT_OPTIMIZATION_LEVEL = "-Onone";
			};
			name = Debug;
		};
		78CBE27427F31DA500DF1667 /* Release */ = {
			isa = XCBuildConfiguration;
			buildSettings = {
				ALWAYS_SEARCH_USER_PATHS = NO;
				CLANG_ANALYZER_NONNULL = YES;
				CLANG_ANALYZER_NUMBER_OBJECT_CONVERSION = YES_AGGRESSIVE;
				CLANG_CXX_LANGUAGE_STANDARD = "gnu++17";
				CLANG_ENABLE_MODULES = YES;
				CLANG_ENABLE_OBJC_ARC = YES;
				CLANG_ENABLE_OBJC_WEAK = YES;
				CLANG_WARN_BLOCK_CAPTURE_AUTORELEASING = YES;
				CLANG_WARN_BOOL_CONVERSION = YES;
				CLANG_WARN_COMMA = YES;
				CLANG_WARN_CONSTANT_CONVERSION = YES;
				CLANG_WARN_DEPRECATED_OBJC_IMPLEMENTATIONS = YES;
				CLANG_WARN_DIRECT_OBJC_ISA_USAGE = YES_ERROR;
				CLANG_WARN_DOCUMENTATION_COMMENTS = YES;
				CLANG_WARN_EMPTY_BODY = YES;
				CLANG_WARN_ENUM_CONVERSION = YES;
				CLANG_WARN_INFINITE_RECURSION = YES;
				CLANG_WARN_INT_CONVERSION = YES;
				CLANG_WARN_NON_LITERAL_NULL_CONVERSION = YES;
				CLANG_WARN_OBJC_IMPLICIT_RETAIN_SELF = YES;
				CLANG_WARN_OBJC_LITERAL_CONVERSION = YES;
				CLANG_WARN_OBJC_ROOT_CLASS = YES_ERROR;
				CLANG_WARN_QUOTED_INCLUDE_IN_FRAMEWORK_HEADER = YES;
				CLANG_WARN_RANGE_LOOP_ANALYSIS = YES;
				CLANG_WARN_STRICT_PROTOTYPES = YES;
				CLANG_WARN_SUSPICIOUS_MOVE = YES;
				CLANG_WARN_UNGUARDED_AVAILABILITY = YES_AGGRESSIVE;
				CLANG_WARN_UNREACHABLE_CODE = YES;
				CLANG_WARN__DUPLICATE_METHOD_MATCH = YES;
				COPY_PHASE_STRIP = NO;
				DEBUG_INFORMATION_FORMAT = "dwarf-with-dsym";
				ENABLE_NS_ASSERTIONS = NO;
				ENABLE_STRICT_OBJC_MSGSEND = YES;
				GCC_C_LANGUAGE_STANDARD = gnu11;
				GCC_NO_COMMON_BLOCKS = YES;
				GCC_WARN_64_TO_32_BIT_CONVERSION = YES;
				GCC_WARN_ABOUT_RETURN_TYPE = YES_ERROR;
				GCC_WARN_UNDECLARED_SELECTOR = YES;
				GCC_WARN_UNINITIALIZED_AUTOS = YES_AGGRESSIVE;
				GCC_WARN_UNUSED_FUNCTION = YES;
				GCC_WARN_UNUSED_VARIABLE = YES;
				IPHONEOS_DEPLOYMENT_TARGET = 13.0;
				MTL_ENABLE_DEBUG_INFO = NO;
				MTL_FAST_MATH = YES;
				SDKROOT = iphoneos;
				SWIFT_COMPILATION_MODE = wholemodule;
				SWIFT_OPTIMIZATION_LEVEL = "-O";
				VALIDATE_PRODUCT = YES;
			};
			name = Release;
		};
		78CBE27627F31DA500DF1667 /* Debug */ = {
			isa = XCBuildConfiguration;
			buildSettings = {
				ASSETCATALOG_COMPILER_APPICON_NAME = AppIcon;
				ASSETCATALOG_COMPILER_GLOBAL_ACCENT_COLOR_NAME = AccentColor;
				CODE_SIGN_STYLE = Automatic;
				CURRENT_PROJECT_VERSION = 1;
				GENERATE_INFOPLIST_FILE = YES;
				INFOPLIST_FILE = SwiftCombine/Info.plist;
				INFOPLIST_KEY_UIApplicationSupportsIndirectInputEvents = YES;
				INFOPLIST_KEY_UILaunchStoryboardName = LaunchScreen;
				INFOPLIST_KEY_UISupportedInterfaceOrientations_iPad = "UIInterfaceOrientationPortrait UIInterfaceOrientationPortraitUpsideDown UIInterfaceOrientationLandscapeLeft UIInterfaceOrientationLandscapeRight";
				INFOPLIST_KEY_UISupportedInterfaceOrientations_iPhone = "UIInterfaceOrientationPortrait UIInterfaceOrientationLandscapeLeft UIInterfaceOrientationLandscapeRight";
				IPHONEOS_DEPLOYMENT_TARGET = 13.0;
				LD_RUNPATH_SEARCH_PATHS = (
					"$(inherited)",
					"@executable_path/Frameworks",
				);
				MARKETING_VERSION = 1.0;
				PRODUCT_BUNDLE_IDENTIFIER = yossibank.SwiftCombine;
				PRODUCT_NAME = "$(TARGET_NAME)";
				SWIFT_EMIT_LOC_STRINGS = YES;
				SWIFT_VERSION = 5.0;
				TARGETED_DEVICE_FAMILY = "1,2";
			};
			name = Debug;
		};
		78CBE27727F31DA500DF1667 /* Release */ = {
			isa = XCBuildConfiguration;
			buildSettings = {
				ASSETCATALOG_COMPILER_APPICON_NAME = AppIcon;
				ASSETCATALOG_COMPILER_GLOBAL_ACCENT_COLOR_NAME = AccentColor;
				CODE_SIGN_STYLE = Automatic;
				CURRENT_PROJECT_VERSION = 1;
				GENERATE_INFOPLIST_FILE = YES;
				INFOPLIST_FILE = SwiftCombine/Info.plist;
				INFOPLIST_KEY_UIApplicationSupportsIndirectInputEvents = YES;
				INFOPLIST_KEY_UILaunchStoryboardName = LaunchScreen;
				INFOPLIST_KEY_UISupportedInterfaceOrientations_iPad = "UIInterfaceOrientationPortrait UIInterfaceOrientationPortraitUpsideDown UIInterfaceOrientationLandscapeLeft UIInterfaceOrientationLandscapeRight";
				INFOPLIST_KEY_UISupportedInterfaceOrientations_iPhone = "UIInterfaceOrientationPortrait UIInterfaceOrientationLandscapeLeft UIInterfaceOrientationLandscapeRight";
				IPHONEOS_DEPLOYMENT_TARGET = 13.0;
				LD_RUNPATH_SEARCH_PATHS = (
					"$(inherited)",
					"@executable_path/Frameworks",
				);
				MARKETING_VERSION = 1.0;
				PRODUCT_BUNDLE_IDENTIFIER = yossibank.SwiftCombine;
				PRODUCT_NAME = "$(TARGET_NAME)";
				SWIFT_EMIT_LOC_STRINGS = YES;
				SWIFT_VERSION = 5.0;
				TARGETED_DEVICE_FAMILY = "1,2";
			};
			name = Release;
		};
/* End XCBuildConfiguration section */

/* Begin XCConfigurationList section */
		78CBE25C27F31DA200DF1667 /* Build configuration list for PBXProject "SwiftCombine" */ = {
			isa = XCConfigurationList;
			buildConfigurations = (
				78CBE27327F31DA500DF1667 /* Debug */,
				78CBE27427F31DA500DF1667 /* Release */,
			);
			defaultConfigurationIsVisible = 0;
			defaultConfigurationName = Release;
		};
		78CBE27527F31DA500DF1667 /* Build configuration list for PBXNativeTarget "SwiftCombine" */ = {
			isa = XCConfigurationList;
			buildConfigurations = (
				78CBE27627F31DA500DF1667 /* Debug */,
				78CBE27727F31DA500DF1667 /* Release */,
			);
			defaultConfigurationIsVisible = 0;
			defaultConfigurationName = Release;
		};
/* End XCConfigurationList section */
	};
	rootObject = 78CBE25927F31DA200DF1667 /* Project object */;
}
